{"SurveyEntry":{"SurveyID":"SV_1L0ob9ZUslGy2jj","SurveyName":"Scale Dev - Predictive Validity","SurveyDescription":null,"SurveyOwnerID":"UR_ac2eXC2BVTVcUHH","SurveyBrandID":"sfufas","DivisionID":null,"SurveyLanguage":"EN","SurveyActiveResponseSet":"RS_aW4vRQ26BHPRM69","SurveyStatus":"Active","SurveyStartDate":"0000-00-00 00:00:00","SurveyExpirationDate":"0000-00-00 00:00:00","SurveyCreationDate":"2018-04-18 11:25:59","CreatorID":"UR_ac2eXC2BVTVcUHH","LastModified":"2018-06-04 11:50:31","LastAccessed":"0000-00-00 00:00:00","LastActivated":"2018-04-18 13:50:21","Deleted":null},"SurveyElements":[{"SurveyID":"SV_1L0ob9ZUslGy2jj","Element":"BL","PrimaryAttribute":"Survey Blocks","SecondaryAttribute":null,"TertiaryAttribute":null,"Payload":{"0":{"Type":"Default","Description":"Ineq att items","ID":"BL_cBWFVhgxIb3eRAp","BlockElements":[{"Type":"Question","QuestionID":"QID1"},{"Type":"Page Break"},{"Type":"Question","QuestionID":"QID2"},{"Type":"Page Break"},{"Type":"Question","QuestionID":"QID3"},{"Type":"Page Break"},{"Type":"Question","QuestionID":"QID4"}],"Options":{"BlockLocking":"false","RandomizeQuestions":"false","BlockVisibility":"Expanded"}},"1":{"Type":"Trash","Description":"Trash \/ Unused Questions","ID":"BL_3sEj0TvTYcANNt3","BlockElements":[{"Type":"Page Break"},{"Type":"Question","QuestionID":"QID5"},{"Type":"Question","QuestionID":"QID20"}]},"3":{"Type":"Standard","SubType":"","Description":"Demographics","ID":"BL_3JXXvg6eoDnFmN7","BlockElements":[{"Type":"Question","QuestionID":"QID6"},{"Type":"Question","QuestionID":"QID7"},{"Type":"Question","QuestionID":"QID8"},{"Type":"Question","QuestionID":"QID9"},{"Type":"Page Break"},{"Type":"Question","QuestionID":"QID10"},{"Type":"Question","QuestionID":"QID11"},{"Type":"Question","QuestionID":"QID12"},{"Type":"Question","QuestionID":"QID13"}],"Options":{"BlockLocking":"false","RandomizeQuestions":"false","BlockVisibility":"Expanded"}},"4":{"Type":"Standard","SubType":"","Description":"Just world beliefs","ID":"BL_0GO6vOPWPB1Ltyt","BlockElements":[{"Type":"Question","QuestionID":"QID14"}],"Options":{"BlockLocking":"false","RandomizeQuestions":"false","BlockVisibility":"Collapsed"}},"7":{"Type":"Standard","SubType":"","Description":"Support for redistribution","ID":"BL_6R0syA2DHTo2pOR","BlockElements":[{"Type":"Question","QuestionID":"QID15"}],"Options":{"BlockLocking":"false","RandomizeQuestions":"false","BlockVisibility":"Collapsed"}},"8":{"Type":"Standard","SubType":"","Description":"Warmth\/Competence","ID":"BL_24bcYqmDGDT8egt","BlockElements":[{"Type":"Question","QuestionID":"QID16"}],"Options":{"BlockLocking":"false","RandomizeQuestions":"false","BlockVisibility":"Collapsed"}},"9":{"Type":"Standard","SubType":"","Description":"Consent","ID":"BL_6WGK8SyPNrMy3hb","BlockElements":[{"Type":"Question","QuestionID":"QID17"}],"Options":{"BlockLocking":"false","RandomizeQuestions":"false","BlockVisibility":"Collapsed"}},"10":{"Type":"Standard","SubType":"","Description":"Debrief","ID":"BL_9tOABTFO8Ox7pHv","BlockElements":[{"Type":"Question","QuestionID":"QID18"},{"Type":"Page Break"},{"Type":"Question","QuestionID":"QID19"}],"Options":{"BlockLocking":"false","RandomizeQuestions":"false","BlockVisibility":"Expanded"}},"11":{"Type":"Standard","SubType":"","Description":"Wealth Guilt","ID":"BL_bOtZGDFJ335CN37","BlockElements":[{"Type":"Question","QuestionID":"QID21"}],"Options":{"BlockLocking":"false","RandomizeQuestions":"false","BlockVisibility":"Collapsed"}},"12":{"Type":"Standard","SubType":"","Description":"Empathy","ID":"BL_8hNvobt4atJ6341","BlockElements":[{"Type":"Question","QuestionID":"QID22"}],"Options":{"BlockLocking":"false","RandomizeQuestions":"false","BlockVisibility":"Collapsed"}},"13":{"Type":"Standard","SubType":"","Description":"Prosocial Tendencies","ID":"BL_ahHkD9okul4LXwN","BlockElements":[{"Type":"Question","QuestionID":"QID23"}],"Options":{"BlockLocking":"false","RandomizeQuestions":"false","BlockVisibility":"Collapsed"}},"14":{"Type":"Standard","SubType":"","Description":"Social Dominance Orientation","ID":"BL_9HtJeqj2XQij33n","BlockElements":[{"Type":"Question","QuestionID":"QID24"}],"Options":{"BlockLocking":"false","RandomizeQuestions":"false","BlockVisibility":"Collapsed"}},"15":{"Type":"Standard","SubType":"","Description":"Econ. Sys. Just.","ID":"BL_1zFPAhpLby4cm5T","BlockElements":[{"Type":"Question","QuestionID":"QID25"}],"Options":{"BlockLocking":"false","RandomizeQuestions":"false","BlockVisibility":"Expanded"}},"16":{"Type":"Standard","SubType":"","Description":"PWE","ID":"BL_3mJgwjlgEIq7WjX","BlockElements":[{"Type":"Question","QuestionID":"QID26"}],"Options":{"BlockLocking":"false","RandomizeQuestions":"false","BlockVisibility":"Collapsed"}},"17":{"Type":"Standard","SubType":"","Description":"WVS & ISSP","ID":"BL_cBhNsbpeo2AFIKp","BlockElements":[{"Type":"Question","QuestionID":"QID27"},{"Type":"Page Break"},{"Type":"Question","QuestionID":"QID31"}],"Options":{"BlockLocking":"false","RandomizeQuestions":"false","BlockVisibility":"Collapsed"}},"18":{"Type":"Standard","SubType":"","Description":"Block 14","ID":"BL_1QR9TG6vMks1LtH","Options":{"BlockLocking":"false","RandomizeQuestions":"false","BlockVisibility":"Collapsed"}},"19":{"Type":"Standard","SubType":"","Description":"Fight for 15 Dictator Game","ID":"BL_0HXVJJfPNqh6WdT","BlockElements":[{"Type":"Question","QuestionID":"QID28"},{"Type":"Page Break"},{"Type":"Question","QuestionID":"QID29"},{"Type":"Question","QuestionID":"QID30"}],"Options":{"BlockLocking":false,"RandomizeQuestions":"false","BlockVisibility":"Expanded"}},"20":{"Type":"Standard","SubType":"","Description":"inegalitarianism k&s86 pp106","ID":"BL_3xaBpmUNmWyDxad","BlockElements":[{"Type":"Question","QuestionID":"QID32"}],"Options":{"BlockLocking":"false","RandomizeQuestions":"false","BlockVisibility":"Collapsed"}}}},{"SurveyID":"SV_1L0ob9ZUslGy2jj","Element":"FL","PrimaryAttribute":"Survey Flow","SecondaryAttribute":null,"TertiaryAttribute":null,"Payload":{"Type":"Root","FlowID":"FL_1","Flow":[{"Type":"Standard","ID":"BL_6WGK8SyPNrMy3hb","FlowID":"FL_2"},{"Type":"Branch","FlowID":"FL_3","Description":"New Branch","BranchLogic":{"0":{"0":{"LogicType":"Question","QuestionID":"QID17","QuestionIsInLoop":"no","ChoiceLocator":"q:\/\/QID17\/SelectableChoice\/1","Operator":"NotSelected","QuestionIDFromLocator":"QID17","LeftOperand":"q:\/\/QID17\/SelectableChoice\/1","Type":"Expression","Description":"<span class=\"ConjDesc\">If<\/span> <span class=\"QuestionDesc\">INFORMED CONSENT [2017s0069] Version Date: 02\/10\/17 _____________________________________________...<\/span> <span class=\"LeftOpDesc\">&lt;span style=\"font-size:16px;\"&gt;&lt;span style=\"font-family:arial,helvetica,sans-serif;\"&gt;I &lt;span style=\"color:#00cc00;\"&gt;agree&lt;\/span&gt; to participate&lt;\/span&gt;&lt;\/span&gt;<\/span> <span class=\"OpDesc\">Is Not Selected<\/span> "},"Type":"If"},"Type":"BooleanExpression"},"Flow":[{"Type":"EndSurvey","FlowID":"FL_16"}]},{"Type":"BlockRandomizer","FlowID":"FL_5","SubSet":8,"EvenPresentation":true,"Flow":[{"Type":"Block","ID":"BL_cBWFVhgxIb3eRAp","FlowID":"FL_4"},{"Type":"Standard","ID":"BL_0GO6vOPWPB1Ltyt","FlowID":"FL_9"},{"Type":"Standard","ID":"BL_9HtJeqj2XQij33n","FlowID":"FL_10"},{"Type":"Standard","ID":"BL_1zFPAhpLby4cm5T","FlowID":"FL_11"},{"Type":"Standard","ID":"BL_3mJgwjlgEIq7WjX","FlowID":"FL_12"},{"Type":"Standard","ID":"BL_cBhNsbpeo2AFIKp","FlowID":"FL_13"},{"Type":"Standard","ID":"BL_3xaBpmUNmWyDxad","FlowID":"FL_17"},{"Type":"Standard","ID":"BL_6R0syA2DHTo2pOR","FlowID":"FL_14"}]},{"Type":"Standard","ID":"BL_0HXVJJfPNqh6WdT","FlowID":"FL_8"},{"Type":"Standard","ID":"BL_3JXXvg6eoDnFmN7","FlowID":"FL_6"},{"Type":"Standard","ID":"BL_9tOABTFO8Ox7pHv","FlowID":"FL_7"}],"Properties":{"Count":17,"RemovedFieldsets":[]}}},{"SurveyID":"SV_1L0ob9ZUslGy2jj","Element":"SN","PrimaryAttribute":"Snapshot","SecondaryAttribute":null,"TertiaryAttribute":null,"Payload":{"Snapshot":{"Response":{"responses":{"SM":{"BrowserName":{"Value":"Chrome"},"BrowserVersion":{"Value":"66.0.3359.139"},"OS":{"Value":"Macintosh"},"Resolution":{"Value":"1280x800"},"FlashVersion":{"Value":"-1"},"JavaSupport":{"Value":"0"},"UserAgent":{"Value":"Mozilla\/5.0 (Macintosh; Intel Mac OS X 10_13_4) AppleWebKit\/537.36 (KHTML, like Gecko) Chrome\/66.0.3359.139 Safari\/537.36"},"AppName":{"Value":"SurveyEngine"},"AppVersion":{"Value":"7064617"},"BlockDisplayOrder":{"FL_5":["BL_cBWFVhgxIb3eRAp","BL_3xaBpmUNmWyDxad","BL_9HtJeqj2XQij33n","BL_3mJgwjlgEIq7WjX","BL_0GO6vOPWPB1Ltyt","BL_6R0syA2DHTo2pOR","BL_cBhNsbpeo2AFIKp","BL_1zFPAhpLby4cm5T"]},"QuestionChoiceDisplayOrder":{"QID1":[5,2,4,6,1],"QID2":[3,2,1,4],"QID3":[2,4,3,1],"QID4":[1,3,6,5,2,7,4]}},"SE":{"Context":{"Value":"Response"}},"QR":{"QID17":{"QuestionID":{"Value":"QID17"},"DisplayOrder":{"Value":"1|2"},"QuestionType":{"Value":"MC"},"Selector":{"Value":"SAVR"},"SubSelector":{"Value":"TX"},"1":{"Value":"Selected"}},"QID1":{"QuestionID":{"Value":"QID1"},"DisplayOrder":{"Value":"5|2|4|6|1"},"AnswerDisplayOrder":{"Value":"1|2|3|4|5|6|7"},"QuestionType":{"Value":"Matrix"},"Selector":{"Value":"Likert"},"SubSelector":{"Value":"SingleAnswer"}},"QID2":{"QuestionID":{"Value":"QID2"},"DisplayOrder":{"Value":"3|2|1|4"},"AnswerDisplayOrder":{"Value":"1|2|3|4|5|6|7"},"QuestionType":{"Value":"Matrix"},"Selector":{"Value":"Likert"},"SubSelector":{"Value":"SingleAnswer"}},"QID3":{"QuestionID":{"Value":"QID3"},"DisplayOrder":{"Value":"2|4|3|1"},"AnswerDisplayOrder":{"Value":"1|2|3|4|5|6|7"},"QuestionType":{"Value":"Matrix"},"Selector":{"Value":"Likert"},"SubSelector":{"Value":"SingleAnswer"}},"QID4":{"QuestionID":{"Value":"QID4"},"DisplayOrder":{"Value":"1|3|6|5|2|7|4"},"AnswerDisplayOrder":{"Value":"1|2|3|4|5|6|7"},"QuestionType":{"Value":"Matrix"},"Selector":{"Value":"Likert"},"SubSelector":{"Value":"SingleAnswer"}},"QID32":{"QuestionID":{"Value":"QID32"},"DisplayOrder":{"Value":"1|2|3|4|5|6|7|8"},"AnswerDisplayOrder":{"Value":"1|3|4|5"},"QuestionType":{"Value":"Matrix"},"Selector":{"Value":"Likert"},"SubSelector":{"Value":"SingleAnswer"}},"QID24":{"QuestionID":{"Value":"QID24"},"DisplayOrder":{"Value":"1|2|3|4|5|6|7|8|9|10|11|12|13|14|15"},"AnswerDisplayOrder":{"Value":"1|2|3|4|5|6|7"},"QuestionType":{"Value":"Matrix"},"Selector":{"Value":"Likert"},"SubSelector":{"Value":"SingleAnswer"}},"QID26":{"QuestionID":{"Value":"QID26"},"DisplayOrder":{"Value":"1|2|3|4|5|6|7|8|9|10|11|12|13|14|15|16|17|18|19"},"AnswerDisplayOrder":{"Value":"1|2|3|4|5|6|7"},"QuestionType":{"Value":"Matrix"},"Selector":{"Value":"Likert"},"SubSelector":{"Value":"SingleAnswer"}},"QID14":{"QuestionID":{"Value":"QID14"},"DisplayOrder":{"Value":"1|2|3|4|5|6|7|8|9|10|11|12|13|14|15|16|17|18"},"AnswerDisplayOrder":{"Value":"1|2|3|4|5"},"QuestionType":{"Value":"Matrix"},"Selector":{"Value":"Likert"},"SubSelector":{"Value":"SingleAnswer"}},"QID15":{"QuestionID":{"Value":"QID15"},"DisplayOrder":{"Value":"1|2|3|4"},"AnswerDisplayOrder":{"Value":"1|2|3|4"},"QuestionType":{"Value":"Matrix"},"Selector":{"Value":"Likert"},"SubSelector":{"Value":"SingleAnswer"}},"QID27":{"QuestionID":{"Value":"QID27"},"DisplayOrder":{"Value":"1|2|3|4|5|6|7|8|9|10"},"QuestionType":{"Value":"MC"},"Selector":{"Value":"SAHR"},"SubSelector":{"Value":"TX"}},"QID31":{"QuestionID":{"Value":"QID31"},"DisplayOrder":{"Value":"1"},"AnswerDisplayOrder":{"Value":"1|2|3|4|5|6|7"},"QuestionType":{"Value":"Matrix"},"Selector":{"Value":"Likert"},"SubSelector":{"Value":"SingleAnswer"}},"QID25":{"QuestionID":{"Value":"QID25"},"DisplayOrder":{"Value":"1|2|3|4|5|6|7|8|9|10|11|12|13|14|15|16|17"},"AnswerDisplayOrder":{"Value":"1|2|3|4|5|6|7|8|9"},"QuestionType":{"Value":"Matrix"},"Selector":{"Value":"Likert"},"SubSelector":{"Value":"SingleAnswer"}},"QID28":{"QuestionID":{"Value":"QID28"},"DisplayOrder":{"Value":"1"},"QuestionType":{"Value":"DB"},"Selector":{"Value":"TB"},"SubSelector":{"Value":""},"1":{"Value":"Selected"}},"QID29":{"QuestionID":{"Value":"QID29"},"DisplayOrder":{"Value":"1"},"QuestionType":{"Value":"DB"},"Selector":{"Value":"TB"},"SubSelector":{"Value":""},"1":{"Value":"Selected"}},"QID30":{"QuestionID":{"Value":"QID30"},"DisplayOrder":{"Value":"1|2|3|4|5|6|7|8|9|10|11"},"QuestionType":{"Value":"MC"},"Selector":{"Value":"SAVR"},"SubSelector":{"Value":"TX"}},"QID6":{"QuestionID":{"Value":"QID6"},"DisplayOrder":{"Value":"1|2|3|4"},"QuestionType":{"Value":"MC"},"Selector":{"Value":"SAVR"},"SubSelector":{"Value":"TX"}},"QID7":{"QuestionID":{"Value":"QID7"},"DisplayOrder":{"Value":""},"QuestionType":{"Value":"TE"},"Selector":{"Value":"SL"},"SubSelector":{"Value":""},"TEXT":{"Value":""}},"QID8":{"QuestionID":{"Value":"QID8"},"DisplayOrder":{"Value":""},"QuestionType":{"Value":"TE"},"Selector":{"Value":"SL"},"SubSelector":{"Value":""},"TEXT":{"Value":""}},"QID9":{"QuestionID":{"Value":"QID9"},"DisplayOrder":{"Value":"1|2|3|4|5|6|7|8|9|10|11|12|13|14|15"},"QuestionType":{"Value":"MC"},"Selector":{"Value":"SAVR"},"SubSelector":{"Value":"TX"}},"QID10":{"QuestionID":{"Value":"QID10"},"DisplayOrder":{"Value":"1|2|3|4|5|6|7|8|9"},"QuestionType":{"Value":"MC"},"Selector":{"Value":"SAVR"},"SubSelector":{"Value":"TX"}},"QID11":{"QuestionID":{"Value":"QID11"},"DisplayOrder":{"Value":"1|2|3|4|5|6|7|8|9"},"QuestionType":{"Value":"MC"},"Selector":{"Value":"SAVR"},"SubSelector":{"Value":"TX"}},"QID12":{"QuestionID":{"Value":"QID12"},"DisplayOrder":{"Value":"1|2|3|4|5|6|7|8|9"},"QuestionType":{"Value":"MC"},"Selector":{"Value":"SAVR"},"SubSelector":{"Value":"TX"}},"QID13":{"QuestionID":{"Value":"QID13"},"DisplayOrder":{"Value":"1|2|3|4"},"QuestionType":{"Value":"MC"},"Selector":{"Value":"SAVR"},"SubSelector":{"Value":"TX"}},"QID18":{"QuestionID":{"Value":"QID18"},"DisplayOrder":{"Value":"1"},"QuestionType":{"Value":"DB"},"Selector":{"Value":"TB"},"SubSelector":{"Value":""},"1":{"Value":"Selected"}}},"QM":{"QID17":{"Displayed":{"Value":"1"}},"QID1":{"Displayed":{"Value":"1"}},"QID2":{"Displayed":{"Value":"1"}},"QID3":{"Displayed":{"Value":"1"}},"QID4":{"Displayed":{"Value":"1"}},"QID32":{"Displayed":{"Value":"1"}},"QID24":{"Displayed":{"Value":"1"}},"QID26":{"Displayed":{"Value":"1"}},"QID14":{"Displayed":{"Value":"1"}},"QID15":{"Displayed":{"Value":"1"}},"QID27":{"Displayed":{"Value":"1"}},"QID31":{"Displayed":{"Value":"1"}},"QID25":{"Displayed":{"Value":"1"}},"QID28":{"Displayed":{"Value":"1"}},"QID29":{"Displayed":{"Value":"1"}},"QID30":{"Displayed":{"Value":"1"}},"QID6":{"Displayed":{"Value":"1"}},"QID7":{"Displayed":{"Value":"1"}},"QID8":{"Displayed":{"Value":"1"}},"QID9":{"Displayed":{"Value":"1"}},"QID10":{"Displayed":{"Value":"1"}},"QID11":{"Displayed":{"Value":"1"}},"QID12":{"Displayed":{"Value":"1"}},"QID13":{"Displayed":{"Value":"1"}},"QID18":{"Displayed":{"Value":"1"}}}},"validated_question_ids":{"Response":["QID17","QID1","QID2","QID3","QID4","QID32","QID24","QID26","QID14","QID15","QID27","QID31","QID25","QID28","QID29","QID30","QID6","QID7","QID8","QID9","QID10","QID11","QID12","QID13","QID18"]},"responseID":"R_9HPLGmBCqD8XEfr"},"EmbeddedData":{"embedded_data":{"SID":"SV_1L0ob9ZUslGy2jj","Q_SurveyVersionID":"current","Q_CHL":"preview","Q_JFE":"0","Preview":"Survey","SurveyID":"SV_1L0ob9ZUslGy2jj","Referer":null,"UserAgent":"Mozilla\/5.0 (Macintosh; Intel Mac OS X 10_13_4) AppleWebKit\/537.36 (KHTML, like Gecko) Chrome\/66.0.3359.139 Safari\/537.36","Q_URL":"\/SE\/?SID=SV_1L0ob9ZUslGy2jj&Q_SurveyVersionID=current&Q_CHL=preview&Q_JFE=0&Preview=Survey","Q_LastModified":1525798900,"Q_TotalDuration":65},"mailing_list_data":{"EmbeddedData":[]}},"Quota":[],"RecipientInfo":{"start_time":"2018-05-08 11:05:01","stop_time":"2018-05-08 11:06:06","ip_address":"108.172.211.218","language":null,"recipient_id":null},"Flow":{"current_flow":[{"Type":"Standard","FlowID":"FL_2","Weight":0.038461538461538,"ID":"BL_6WGK8SyPNrMy3hb","LoopingIndex":"","LoopingFields":null,"DisplayOrder":null,"Presentation":[{"Start":0,"Context":["Response"]}],"PageNum":0,"PageFirstQuestion":0,"Context":"Response"},{"Type":"Branch","FlowID":"FL_3","Weight":0},{"Type":"BlockRandomizer","FlowID":"FL_5","Weight":-1.5543122344752e-15,"SubSet":8},{"Type":"Block","FlowID":"FL_4","Weight":0.15384615384615,"ID":"BL_cBWFVhgxIb3eRAp","LoopingIndex":"","LoopingFields":null,"DisplayOrder":null,"Presentation":[{"Start":0,"Context":["Response"]},{"Start":0,"Context":["Response"]},{"Start":0,"Context":["Response"]},{"Start":0,"Context":["Response"]}],"PageNum":3,"PageFirstQuestion":0,"Context":"Response"},{"Type":"Standard","FlowID":"FL_17","Weight":0.038461538461538,"ID":"BL_3xaBpmUNmWyDxad","LoopingIndex":"","LoopingFields":null,"DisplayOrder":null,"Presentation":[{"Start":0,"Context":["Response"]}],"PageNum":0,"PageFirstQuestion":0,"Context":"Response"},{"Type":"Standard","FlowID":"FL_10","Weight":0.038461538461538,"ID":"BL_9HtJeqj2XQij33n","LoopingIndex":"","LoopingFields":null,"DisplayOrder":null,"Presentation":[{"Start":0,"Context":["Response"]}],"PageNum":0,"PageFirstQuestion":0,"Context":"Response"},{"Type":"Standard","FlowID":"FL_12","Weight":0.038461538461538,"ID":"BL_3mJgwjlgEIq7WjX","LoopingIndex":"","LoopingFields":null,"DisplayOrder":null,"Presentation":[{"Start":0,"Context":["Response"]}],"PageNum":0,"PageFirstQuestion":0,"Context":"Response"},{"Type":"Standard","FlowID":"FL_9","Weight":0.038461538461538,"ID":"BL_0GO6vOPWPB1Ltyt","LoopingIndex":"","LoopingFields":null,"DisplayOrder":null,"Presentation":[{"Start":0,"Context":["Response"]}],"PageNum":0,"PageFirstQuestion":0,"Context":"Response"},{"Type":"Standard","FlowID":"FL_14","Weight":0.038461538461538,"ID":"BL_6R0syA2DHTo2pOR","LoopingIndex":"","LoopingFields":null,"DisplayOrder":null,"Presentation":[{"Start":0,"Context":["Response"]}],"PageNum":0,"PageFirstQuestion":0,"Context":"Response"},{"Type":"Standard","FlowID":"FL_13","Weight":0.076923076923077,"ID":"BL_cBhNsbpeo2AFIKp","LoopingIndex":"","LoopingFields":null,"DisplayOrder":null,"Presentation":[{"Start":0,"Context":["Response"]},{"Start":0,"Context":["Response"]}],"PageNum":1,"PageFirstQuestion":0,"Context":"Response"},{"Type":"Standard","FlowID":"FL_11","Weight":0.038461538461538,"ID":"BL_1zFPAhpLby4cm5T","LoopingIndex":"","LoopingFields":null,"DisplayOrder":null,"Presentation":[{"Start":0,"Context":["Response"]}],"PageNum":0,"PageFirstQuestion":0,"Context":"Response"},{"Type":"Standard","FlowID":"FL_8","Weight":0.11538461538462,"ID":"BL_0HXVJJfPNqh6WdT","LoopingIndex":"","LoopingFields":null,"DisplayOrder":null,"Presentation":[{"Start":0,"Context":["Response"]},{"Start":0,"Context":["Response"]}],"PageNum":1,"PageFirstQuestion":0,"Context":"Response"},{"Type":"Standard","FlowID":"FL_6","Weight":0.30769230769231,"ID":"BL_3JXXvg6eoDnFmN7","LoopingIndex":"","LoopingFields":null,"DisplayOrder":null,"Presentation":[{"Start":0,"Context":["Response"]},{"Start":0,"Context":["Response"]}],"PageNum":1,"PageFirstQuestion":0,"Context":"Response"},{"Type":"Standard","FlowID":"FL_7","Weight":0.076923076923077,"ID":"BL_9tOABTFO8Ox7pHv","LoopingIndex":"","LoopingFields":null,"DisplayOrder":null,"Presentation":[{"Start":0,"Context":["Response"]},{"Start":0,"Context":["Response"]}],"PageNum":1,"PageFirstQuestion":0,"Context":"Response"}],"current_index":13,"looping_index":null,"looping_fields":null,"block_display_order":null}},"ID":"Snapshot"}},{"SurveyID":"SV_1L0ob9ZUslGy2jj","Element":"SO","PrimaryAttribute":"Survey Options","SecondaryAttribute":null,"TertiaryAttribute":null,"Payload":{"BackButton":"false","SaveAndContinue":"false","SurveyProtection":"PublicSurvey","BallotBoxStuffingPrevention":"false","NoIndex":"Yes","SecureResponseFiles":"true","SurveyExpiration":null,"SurveyTermination":"DefaultMessage","Header":"","Footer":"","ProgressBarDisplay":"None","PartialData":"+1 week","ValidationMessage":null,"PreviousButton":"  <<  ","NextButton":"  >>  ","SkinLibrary":"Qualtrics","SkinType":"MQ","Skin":"stitchedred","NewScoring":1,"libraryId":"","nextButtonMid":"","previousButtonMid":"","headerMid":"","footerMid":"","QuestionsPerPage":"","PageTransition":"None","ExternalCSS":"https:\/\/","CustomStyles":{"errorStyles":{"selector":".Skin .ValidationError","styles":{"color":null,"backgroundColor":null,"borderColor":null}},"errorStylesBG":{"selector":".Skin .HeaderValidationError, .Skin .HeaderValidationError li a","styles":{"color":null,"backgroundColor":null}},"pageStyles":{"selector":"#SurveyEngineBody","styles":{"backgroundColor":null}},"textStyles":{"selector":".SkinInner","styles":{"fontFamily":null,"fontSize":null,"fontWeight":null,"fontStyle":null,"textDecoration":null,"color":null}},"questionStyles":{"selector":".Skin .QuestionText","styles":{"fontFamily":null,"fontSize":null,"fontWeight":null,"fontStyle":null,"textDecoration":null,"color":null}},"choiceStyles":{"selector":".Skin .horizontalbar th.ylabel, .Skin .Matrix table td, .Skin .Matrix table th, .Skin .Matrix table thead th, .Skin .Matrix table thead td, .Skin .PGR .DragAndDrop .Items label, .Skin .QuestionBody ul.ChoiceStructure, .Skin .PGR .DragAndDrop .Group ul, .Skin .PGR .DragAndDrop .Group h2, .Skin .PGR .DragAndDrop .Items ul, .Skin .PGR .DragAndDrop .Items h2, .Skin .DD .QuestionBody table.ChoiceStructure, .Skin .PGR .DragAndDrop .NoColumns td.groupsContainerTd div ul, .Skin .PGR .DragAndDrop .NoColumns td.groupsContainerTd div h2, .Skin .SBS thead th, .Skin .SBS td, .Skin .SBS .Answers td, .Skin .SBS .Answers th, .SBS table.ChoiceStructure, .Skin .horizontalbar thead table.LabelDescriptions tr td, .Skin .horizontalbar thead tr td.NotApplicable, .QuestionBody th, .Skin .QuestionBody .MC .MAVR label, .Skin .QuestionBody .MC .SAVR label, .Skin .SBS thead th, .Skin .SBS td, .Skin .RO .DND ul li, .Skin .reg, .SkinInner .ChoiceStructure, .Skin thead, .Skin .GAP .ChoiceStructure thead th, .Skin .GAP .ChoiceStructure .c4, .Skin .GAP .ChoiceStructure th, .Skin .GAP .ChoiceStructure .WhyText, .SkinInner .ChoiceStructure .LightBG, .Skin .QuestionOuter.Highlight .Inner .reg, .Skin .QuestionOuter.Highlight .Inner .alt, .Skin .QuestionOuter.Highlight .Inner .ReadableAlt       ","styles":{"fontFamily":null,"fontSize":null,"fontWeight":null,"fontStyle":null,"textDecoration":null,"color":null}},"headerStyles":{"selector":".Skin div#Header","styles":{"color":null}},"footerStyles":{"selector":".Skin #Footer","styles":{"color":null}},"questionSeparatorStyles":{"selector":".Skin .Separator","styles":{"backgroundColor":null,"display":null}},"highlightStyles":{"selector":".Skin .QuestionOuter.Highlight .Inner, .Skin .QuestionOuter.Highlight .Inner .reg, .Skin .QuestionOuter.Highlight .Inner .alt, .Skin .QuestionOuter.Highlight .Inner .ReadableAlt","styles":{"backgroundColor":null}},"highlightStylesAlt":{"selector":".Skin .QuestionOuter.Highlight .Inner .ReadableAlt, .Skin .QuestionOuter.Highlight .Inner .LightBG","styles":{"backgroundColor":null}},"textEntryStyles":{"selector":".Skin select, .Skin .InputText","styles":{"color":null}},"borderStyles":{"selector":".Skin .CS .horizontalbar table.sliderGrid tr.xlabel th, .Skin .CS .horizontalbar .ylabel, .Skin .CS .horizontalbar table.sliderGrid tr td.value, .Skin .Slider .horizontalbar table.sliderGrid tr.xlabel th, .Skin .BorderColor, .Skin .DarkBorderColor, .Skin .Slider .horizontalbar table.sliderGrid tr td.value, .Skin thead, .Skin .GAP .ChoiceStructure thead th  ","styles":{"borderColor":null}},"altRowStyles":{"selector":".Skin .ReadableAlt, .Skin .LightBG","styles":{"backgroundColor":null}},"customCSS":null},"HighlightQuestions":"off","EOSMessage":"","ShowExportTags":"false","CollectGeoLocation":"false","SurveyTitle":"Online Survey Software | Qualtrics Survey Solutions","SurveyMetaDescription":"Qualtrics sophisticated online survey software solutions make creating online surveys easy. Learn more about Research Suite and get a free account today.","PasswordProtection":"No","AnonymizeResponse":"No","Password":"","RefererCheck":"No","RefererURL":"http:\/\/","EOSMessageLibrary":"","EOSRedirectURL":"http:\/\/","EmailThankYou":"false","ThankYouEmailMessageLibrary":null,"ThankYouEmailMessage":null,"ValidateMessage":"false","ValidationMessageLibrary":null,"InactiveSurvey":"DefaultMessage","PartialDataCloseAfter":"LastActivity","InactiveMessageLibrary":"","InactiveMessage":"","ActiveResponseSet":null,"AvailableLanguages":{"EN":[]},"ProtectSelectionIds":true}},{"SurveyID":"SV_1L0ob9ZUslGy2jj","Element":"SCO","PrimaryAttribute":"Scoring","SecondaryAttribute":null,"TertiaryAttribute":null,"Payload":{"ScoringCategories":[],"ScoringCategoryGroups":[],"ScoringSummaryCategory":null,"ScoringSummaryAfterQuestions":0,"ScoringSummaryAfterSurvey":0,"DefaultScoringCategory":null,"AutoScoringCategory":null}},{"SurveyID":"SV_1L0ob9ZUslGy2jj","Element":"STAT","PrimaryAttribute":"Survey Statistics","SecondaryAttribute":null,"TertiaryAttribute":null,"Payload":{"MobileCompatible":true,"ID":"Survey Statistics"}},{"SurveyID":"SV_1L0ob9ZUslGy2jj","Element":"PROJ","PrimaryAttribute":"CORE","SecondaryAttribute":"1.0.0","TertiaryAttribute":null,"Payload":null},{"SurveyID":"SV_1L0ob9ZUslGy2jj","Element":"QC","PrimaryAttribute":"Survey Question Count","SecondaryAttribute":"32","TertiaryAttribute":null,"Payload":null},{"SurveyID":"SV_1L0ob9ZUslGy2jj","Element":"SQ","PrimaryAttribute":"QID6","SecondaryAttribute":"Are you:","TertiaryAttribute":null,"Payload":{"QuestionText":"Are you:","QuestionType":"MC","Selector":"SAVR","SubSelector":"TX","Configuration":{"QuestionDescriptionOption":"UseText"},"QuestionDescription":"Are you:","Choices":{"1":{"Display":"Male"},"2":{"Display":"Female"},"3":{"Display":"Other"},"4":{"Display":"Prefer not to say"}},"ChoiceOrder":[1,2,3,"4"],"Validation":{"Settings":{"ForceResponse":"RequestResponse","ForceResponseType":"RequestResponse","Type":"None"}},"Language":[],"QuestionText_Unsafe":"Are you:","DataExportTag":"Q6","QuestionID":"QID6","DataVisibility":{"Private":false,"Hidden":false}}},{"SurveyID":"SV_1L0ob9ZUslGy2jj","Element":"SQ","PrimaryAttribute":"QID23","SecondaryAttribute":"Below are sentences that might or might not describe you. Please indicate how much each statement...","TertiaryAttribute":null,"Payload":{"QuestionText":"Below are sentences that might or might not describe you. Please indicate how much each statement describes you by using the scale below.","DefaultChoices":false,"DataExportTag":"Q23","QuestionType":"Matrix","Selector":"Likert","SubSelector":"SingleAnswer","Configuration":{"QuestionDescriptionOption":"UseText","TextPosition":"inline","ChoiceColumnWidth":25,"RepeatHeaders":"none","WhiteSpace":"OFF","MobileFirst":true},"QuestionDescription":"Below are sentences that might or might not describe you. Please indicate how much each statement...","Choices":{"1":{"Display":"I tend to help people who are in a real crisis or need"},"2":{"Display":"When people ask me to help them, I don't hesitate"},"3":{"Display":"I never wait to help others when they ask for it"}},"ChoiceOrder":["1","2","3"],"Validation":{"Settings":{"ForceResponse":"RequestResponse","ForceResponseType":"RequestResponse","Type":"None"}},"GradingData":[],"Language":[],"Answers":{"1":{"Display":"Does not describe me at all"},"2":{"Display":"Describes me a little"},"3":{"Display":"Somewhat describes me"},"4":{"Display":"Describes me well"},"5":{"Display":"Describes me greatly"}},"AnswerOrder":["1","2","3","4","5"],"ChoiceDataExportTags":false,"QuestionID":"QID23"}},{"SurveyID":"SV_1L0ob9ZUslGy2jj","Element":"SQ","PrimaryAttribute":"QID5","SecondaryAttribute":"Click to write the question text","TertiaryAttribute":null,"Payload":{"QuestionText":"Click to write the question text","DataExportTag":"Q5","QuestionType":"MC","Selector":"SAVR","SubSelector":"TX","Configuration":{"QuestionDescriptionOption":"UseText"},"QuestionDescription":"Click to write the question text","Choices":{"1":{"Display":"Click to write Choice 1"},"2":{"Display":"Click to write Choice 2"},"3":{"Display":"Click to write Choice 3"}},"ChoiceOrder":["1","2","3"],"Validation":{"Settings":{"ForceResponse":"OFF","ForceResponseType":"ON","Type":"None"}},"Language":[],"QuestionID":"QID5"}},{"SurveyID":"SV_1L0ob9ZUslGy2jj","Element":"SQ","PrimaryAttribute":"QID18","SecondaryAttribute":"Debriefing [2017s0069] Version Date: 02\/06\/17 ___________________________________________________...","TertiaryAttribute":null,"Payload":{"QuestionText":"<p style=\"text-align: center;\"><span style=\"color:#000000;\"><span style=\"font-size:16px;\"><span style=\"font-family:arial,helvetica,sans-serif;\">Debriefing [2017s0069]<\/span><\/span><\/span><o:p><\/o:p><\/p>\n\n<p style=\"text-align: center;\"><span style=\"color:#000000;\"><span style=\"font-size:16px;\"><span style=\"font-family:arial,helvetica,sans-serif;\">Version Date: 02\/06\/17<\/span><\/span><\/span><o:p><\/o:p><\/p>\n\n<p style=\"text-align: center;\"><span style=\"color:#000000;\"><span style=\"font-size:16px;\"><span style=\"font-family:arial,helvetica,sans-serif;\">_____________________________________________________________________<br \/>\nSocial Attitudes<br \/>\nSimon Fraser University<\/span><\/span><\/span><o:p><\/o:p><o:p><span style=\"color:#000000;\"><span style=\"font-size:16px;\"><span style=\"font-family:arial,helvetica,sans-serif;\">&nbsp;<\/span><\/span><\/span><\/o:p><\/p>\n\n<p><span style=\"color:#000000;\"><span style=\"font-size:16px;\"><span style=\"font-family:arial,helvetica,sans-serif;\"><em>Principal Investigator:<\/em> Dylan Wiwad<\/span><\/span><\/span><o:p><\/o:p><br \/>\n<span style=\"color:#000000;\"><span style=\"font-size:16px;\"><span style=\"font-family:arial,helvetica,sans-serif;\"><em>Faculty Supervisor:<\/em> Dr. Lara Aknin<\/span><\/span><\/span><o:p><\/o:p><br \/>\n<span style=\"color:#000000;\"><span style=\"font-size:16px;\"><span style=\"font-family:arial,helvetica,sans-serif;\"><em>Co-Investigators: <\/em>Dr. Azim Shariff, Brett Mercier<\/span><\/span><\/span><o:p><\/o:p><br \/>\n<span style=\"color:#000000;\"><span style=\"font-size:16px;\"><span style=\"font-family:arial,helvetica,sans-serif;\">________________<\/span><\/span><\/span><o:p><\/o:p><\/p>\n\n<p>&nbsp;<\/p>\n\n<p><span style=\"color:#000000;\"><span style=\"font-size:16px;\"><span style=\"font-family:arial,helvetica,sans-serif;\">A great deal of social science research has focused on studying the causes and consequences of economic inequality. Increasingly, this research has been focused on studying individual perceptions of, and attitudes towards, economic inequality. The purpose of this research was to design, test, and validate a new tool measuring tolerance for economic inequality. As such, you completed our newly developed scale followed by a series of other similar social attitude scales.<\/span><\/span><\/span><span style=\"font-size:\n12.0pt\"><o:p><\/o:p><\/span><\/p>\n\n<p><span style=\"color:#000000;\"><span style=\"font-size:16px;\"><span style=\"font-family:arial,helvetica,sans-serif;\">We thank you for taking part in this experiment and hope you enjoyed your participation! We ask that you not tell others about our research question. If people come into the study knowing about our specific research question, it would influence their results, and the data we collect would not be useable. <\/span><\/span><\/span><o:p><\/o:p><\/p>\n\n<p>&nbsp;<\/p>\n\n<p><span style=\"color:#000000;\"><span style=\"font-size:16px;\"><span style=\"font-family:arial,helvetica,sans-serif;\">If you would like to discuss the study, or if you would like to see a summary of the results, please do not hesitate to contact Dr. Aknin (laknin@sfu.ca). <\/span><\/span><\/span><o:p><\/o:p><\/p>\n\n<p>&nbsp;<\/p>\n\n<p><span style=\"color:#000000;\"><span style=\"font-size:16px;\"><span style=\"font-family:arial,helvetica,sans-serif;\">If you have any concerns or complaints about the study, your primary contact is the Director of the Office of Research Ethics: <\/span><\/span><\/span><o:p><\/o:p><o:p><span style=\"color:#000000;\"><span style=\"font-size:16px;\"><span style=\"font-family:arial,helvetica,sans-serif;\">&nbsp;<\/span><\/span><\/span><\/o:p><\/p>\n\n<p><o:p><\/o:p><\/p>\n\n<div>\n<p><span style=\"color:#000000;\"><span style=\"font-size:16px;\"><span style=\"font-family:arial,helvetica,sans-serif;\">Dr. Jeff Toward<\/span><\/span><\/span><o:p><\/o:p><br \/>\n<span style=\"color:#000000;\"><span style=\"font-size:16px;\"><span style=\"font-family:arial,helvetica,sans-serif;\">Director of the Office of Research Ethics<\/span><\/span><\/span><o:p><\/o:p><br \/>\n<span style=\"color:#000000;\"><span style=\"font-size:16px;\"><span style=\"font-family:arial,helvetica,sans-serif;\">Phone: 778-782-6593<\/span><\/span><\/span><o:p><\/o:p><br \/>\n<span style=\"color:#000000;\"><span style=\"font-size:16px;\"><span style=\"font-family:arial,helvetica,sans-serif;\">Email: jtoward@sfu.ca<\/span><\/span><\/span><\/p>\n<\/div>","DefaultChoices":false,"DataExportTag":"Q18","QuestionID":"QID18","QuestionType":"DB","Selector":"TB","Configuration":{"QuestionDescriptionOption":"UseText"},"QuestionDescription":"Debriefing [2017s0069] Version Date: 02\/06\/17 ___________________________________________________...","ChoiceOrder":[],"Validation":{"Settings":{"Type":"None"}},"GradingData":[],"Language":[]}},{"SurveyID":"SV_1L0ob9ZUslGy2jj","Element":"RS","PrimaryAttribute":"RS_aW4vRQ26BHPRM69","SecondaryAttribute":"Default Response Set","TertiaryAttribute":null,"Payload":null},{"SurveyID":"SV_1L0ob9ZUslGy2jj","Element":"SQ","PrimaryAttribute":"QID30","SecondaryAttribute":"How many of your 10 raffle tickets would you like to transfer to Fight for $15?","TertiaryAttribute":null,"Payload":{"QuestionText":"How many of your 10 raffle tickets would you like to transfer to Fight for $15?","QuestionType":"MC","Selector":"SAVR","SubSelector":"TX","Configuration":{"QuestionDescriptionOption":"UseText"},"QuestionDescription":"How many of your 10 raffle tickets would you like to transfer to Fight for $15?","Choices":{"1":{"Display":"0"},"2":{"Display":"1"},"3":{"Display":"2"},"4":{"Display":"3"},"5":{"Display":"4"},"6":{"Display":"5"},"7":{"Display":"6"},"8":{"Display":"7"},"9":{"Display":"8"},"10":{"Display":"9"},"11":{"Display":"10"}},"ChoiceOrder":[1,2,3,4,5,6,7,8,9,10,11],"Validation":{"Settings":{"ForceResponse":"RequestResponse","ForceResponseType":"RequestResponse","Type":"None"}},"RecodeValues":{"1":"1","2":"2","3":"3","4":"4","5":"5","6":"6","7":"7","8":"8","9":"9","10":"10","11":"11"},"VariableNaming":{"1":"0","2":"1","3":"2","4":"3","5":"4","6":"5","7":"6","8":"7","9":"8","10":"9","11":"10"},"Language":[],"QuestionText_Unsafe":"How many of your 10 raffle tickets would you like to transfer to Fight for $15?","DataExportTag":"Q30","QuestionID":"QID30","DataVisibility":{"Private":false,"Hidden":false}}},{"SurveyID":"SV_1L0ob9ZUslGy2jj","Element":"SQ","PrimaryAttribute":"QID7","SecondaryAttribute":"How old are you?","TertiaryAttribute":null,"Payload":{"QuestionText":"How old are you?","DefaultChoices":false,"QuestionType":"TE","Selector":"SL","Configuration":{"QuestionDescriptionOption":"UseText","InputWidth":60},"QuestionDescription":"How old are you?","Validation":{"Settings":{"ForceResponse":"RequestResponse","ForceResponseType":"RequestResponse","Type":"None"}},"GradingData":[],"Language":[],"QuestionText_Unsafe":"How old are you?","DataExportTag":"Q7","QuestionID":"QID7"}},{"SurveyID":"SV_1L0ob9ZUslGy2jj","Element":"SQ","PrimaryAttribute":"QID12","SecondaryAttribute":"In general, how liberal (left-wing) or conservative (right-wing) are you on economic issues?","TertiaryAttribute":null,"Payload":{"QuestionText":"In general, how liberal (left-wing) or conservative (right-wing) are you on <b>economic issues<\/b>?","QuestionType":"MC","Selector":"SAVR","SubSelector":"TX","Configuration":{"QuestionDescriptionOption":"UseText"},"QuestionDescription":"In general, how liberal (left-wing) or conservative (right-wing) are you on economic issues?","Choices":{"1":{"Display":"Very liberal"},"2":{"Display":"Liberal"},"3":{"Display":"Slightly liberal"},"4":{"Display":"Moderate\/middle-of-the-road"},"5":{"Display":"Slightly Conservative"},"6":{"Display":"Conservative"},"7":{"Display":"Very conservative"},"8":{"Display":"Don't know\/not political"},"9":{"Display":"Other"}},"ChoiceOrder":["1","2","3","4","5","6","7","8","9"],"Validation":{"Settings":{"ForceResponse":"RequestResponse","ForceResponseType":"RequestResponse","Type":"None"}},"Language":[],"QuestionText_Unsafe":"In general, how liberal (left-wing) or conservative (right-wing) are you on <b>economic issues<\/b>?","DataExportTag":"Q12","QuestionID":"QID12"}},{"SurveyID":"SV_1L0ob9ZUslGy2jj","Element":"SQ","PrimaryAttribute":"QID11","SecondaryAttribute":"In general, how liberal (left-wing) or conservative (right-wing) are you on social issues?","TertiaryAttribute":null,"Payload":{"QuestionText":"In general, how liberal (left-wing) or conservative (right-wing) are you on <b>social issues<\/b>?","QuestionType":"MC","Selector":"SAVR","SubSelector":"TX","Configuration":{"QuestionDescriptionOption":"UseText"},"QuestionDescription":"In general, how liberal (left-wing) or conservative (right-wing) are you on social issues?","Choices":{"1":{"Display":"Very liberal"},"2":{"Display":"Liberal"},"3":{"Display":"Slightly liberal"},"4":{"Display":"Moderate\/middle-of-the-road"},"5":{"Display":"Slightly Conservative"},"6":{"Display":"Conservative"},"7":{"Display":"Very conservative"},"8":{"Display":"Don't know\/not political"},"9":{"Display":"Other"}},"ChoiceOrder":["1","2","3","4","5","6","7","8","9"],"Validation":{"Settings":{"ForceResponse":"RequestResponse","ForceResponseType":"RequestResponse","Type":"None"}},"Language":[],"QuestionText_Unsafe":"In general, how liberal (left-wing) or conservative (right-wing) are you on <b>social issues<\/b>?","DataExportTag":"Q11","QuestionID":"QID11"}},{"SurveyID":"SV_1L0ob9ZUslGy2jj","Element":"SQ","PrimaryAttribute":"QID17","SecondaryAttribute":"INFORMED CONSENT [2017s0069] Version Date: 02\/10\/17 _____________________________________________...","TertiaryAttribute":null,"Payload":{"QuestionText":"<p style=\"text-align: center;\"><span style=\"color:#000000;\"><span style=\"font-family:arial,helvetica,sans-serif;\"><span style=\"font-size:16px;\">INFORMED CONSENT [2017s0069]<\/span><\/span><\/span><o:p><\/o:p><\/p>\n\n<p style=\"text-align: center;\"><span style=\"color:#000000;\"><span style=\"font-family:arial,helvetica,sans-serif;\"><span style=\"font-size:16px;\">Version Date: 02\/10\/17<\/span><\/span><\/span><o:p><\/o:p><\/p>\n\n<p style=\"text-align: center;\"><span style=\"color:#000000;\"><span style=\"font-family:arial,helvetica,sans-serif;\"><span style=\"font-size:16px;\">_____________________________________________________________________<br \/>\nSocial Attitudes<br \/>\nSimon Fraser University<\/span><\/span><\/span><o:p><\/o:p><\/p>\n\n<p><o:p><span style=\"color:#000000;\"><span style=\"font-family:arial,helvetica,sans-serif;\"><span style=\"font-size:16px;\">&nbsp;<\/span><\/span><\/span><\/o:p><\/p>\n\n<p><span style=\"color:#000000;\"><span style=\"font-family:arial,helvetica,sans-serif;\"><span style=\"font-size:16px;\"><em>Principal investigator: <\/em>Dylan Wiwad, Simon Fraser University, Dept. of Psychology, 778-782-9838<\/span><\/span><\/span><o:p><\/o:p><\/p>\n\n<p><span style=\"color:#000000;\"><span style=\"font-family:arial,helvetica,sans-serif;\"><span style=\"font-size:16px;\"><em>Faculty Supervisor: <\/em>Dr. Lara Aknin, Simon Fraser University, Dept. of Psychology, 778-782-9563<\/span><\/span><\/span><o:p><\/o:p><\/p>\n\n<p><span style=\"color:#000000;\"><span style=\"font-family:arial,helvetica,sans-serif;\"><span style=\"font-size:16px;\"><em>Co-Investigators: <\/em>Dr. Azim Shariff, Brett Mercier, Department of Psychology, University of California, Irvine<\/span><\/span><\/span><o:p><\/o:p><\/p>\n\n<p><o:p><span style=\"color:#000000;\"><span style=\"font-family:arial,helvetica,sans-serif;\"><span style=\"font-size:16px;\">&nbsp;<\/span><\/span><\/span><\/o:p><\/p>\n\n<p><span style=\"color:#000000;\"><span style=\"font-family:arial,helvetica,sans-serif;\"><span style=\"font-size:16px;\">This study is being conducted to understand social attitudes. The study is expected to take approximately 10 minutes, and you will be remunerated $0.50 for your participation. As part of this study, you will be asked to complete a short series of questionnaires measuring various social attitudes, and then read a debriefing form. The research aims to expand our understanding of these attitudes. We will also ask you to report various demographics (e.g., age, gender, etc) in order for us to better understand the characteristics of our research sample. <\/span><\/span><\/span><o:p><\/o:p><\/p>\n\n<p><o:p><span style=\"color:#000000;\"><span style=\"font-family:arial,helvetica,sans-serif;\"><span style=\"font-size:16px;\">&nbsp;<\/span><\/span><\/span><\/o:p><\/p>\n\n<p><span style=\"color:#000000;\"><span style=\"font-family:arial,helvetica,sans-serif;\"><span style=\"font-size:16px;\">Your participation is completely voluntary. You are free not to answer any questions or complete any tasks that you find uncomfortable. <span style=\"background-image: initial; background-position: initial; background-size: initial; background-repeat: initial; background-attachment: initial; background-origin: initial; background-clip: initial;\">Refusal to participate or withdrawal\/dropout after agreeing to participate will not have an adverse effect or consequences on the participants, their employment, education or services. <\/span>All of your responses will be confidential. Data will then be stored on a password-protected computer for data analysis and\/or stored in a locked filing cabinet in the Social Psychology Lab at Simon Fraser University for not more than 10 years. A completely anonymized copy of the data will be uploaded to an online forum in an effort to further open science initiatives. Only Dr. Aknin and her research team will have access to this information. <\/span><\/span><\/span><o:p><\/o:p><\/p>\n\n<p><span style=\"color:#000000;\"><span style=\"font-family:arial,helvetica,sans-serif;\"><span style=\"font-size:16px;\"><span lang=\"EN-US\">&nbsp;<\/span><\/span><\/span><\/span><span style=\"font-size: 9pt; font-family: &quot;Times New Roman&quot;;\"><o:p><\/o:p><\/span><\/p>\n\n<p><span style=\"color:#000000;\"><span style=\"font-family:arial,helvetica,sans-serif;\"><span style=\"font-size:16px;\">In line with current best practices in psychological research, electronic data will be preserved for future use in open science initiatives. Open science initiatives allow for researchers from different universities to share their data upon completion of studies, in an effort to stimulate further use and exploration of existing data sets. Data is uploaded to an online forum in the form of a computer software file, and these files are stripped of any information that could identify participants (e.g., names, email addresses), to ensure confidentiality and anonymity.<\/span><\/span><\/span><span style=\"font-size: 9pt; font-family: &quot;Times New Roman&quot;;\"><o:p><\/o:p><\/span><\/p>\n\n<p>&nbsp;<\/p>\n\n<p><span style=\"color:#000000;\"><span style=\"font-family:arial,helvetica,sans-serif;\"><span style=\"font-size:16px;\">There are no foreseen risks associated with this study and there is no deception involved in this investigation. This study has been designated minimal risk because there are no foreseen risks or deception involved.<\/span><\/span><\/span><span style=\"font-size: 9pt; font-family: &quot;Times New Roman&quot;;\"><o:p><\/o:p><\/span><\/p>\n\n<p>&nbsp;<\/p>\n\n<p><span style=\"color:#000000;\"><span style=\"font-family:arial,helvetica,sans-serif;\"><span style=\"font-size:16px;\"><span style=\"background-image: initial; background-position: initial; background-size: initial; background-repeat: initial; background-attachment: initial; background-origin: initial; background-clip: initial;\">If you have any concerns or complaints with respect to your participation in this research study, please contact, Dr. Jeffrey Toward, <\/span>Director of the Office of Research Ethics: <\/span><\/span><\/span><o:p><\/o:p><\/p>\n\n<p>&nbsp;<\/p>\n\n<p><span style=\"color:#000000;\"><span style=\"font-size:16px;\"><span style=\"font-family:arial,helvetica,sans-serif;\"><span style=\"background-image: initial; background-position: initial; background-size: initial; background-repeat: initial; background-attachment: initial; background-origin: initial; background-clip: initial;\">Dr. Jeffrey Toward, <\/span><\/span><\/span><\/span><span style=\"font-size:16px;\"><span style=\"font-family:arial,helvetica,sans-serif;\"><span style=\"background-image: initial; background-position: initial; background-size: initial; background-repeat: initial; background-attachment: initial; background-origin: initial; background-clip: initial;\"><o:p><\/o:p><\/span><\/span><\/span><\/p>\n\n<p><span style=\"color:#000000;\"><span style=\"font-size:16px;\"><span style=\"font-family:arial,helvetica,sans-serif;\"><span style=\"background-image: initial; background-position: initial; background-size: initial; background-repeat: initial; background-attachment: initial; background-origin: initial; background-clip: initial;\">Director, <\/span><\/span><\/span><\/span><span style=\"font-size:16px;\"><span style=\"font-family:arial,helvetica,sans-serif;\"><span style=\"background-image: initial; background-position: initial; background-size: initial; background-repeat: initial; background-attachment: initial; background-origin: initial; background-clip: initial;\"><o:p><\/o:p><\/span><\/span><\/span><\/p>\n\n<p><span style=\"color:#000000;\"><span style=\"font-size:16px;\"><span style=\"font-family:arial,helvetica,sans-serif;\"><span style=\"background-image: initial; background-position: initial; background-size: initial; background-repeat: initial; background-attachment: initial; background-origin: initial; background-clip: initial;\">Office of Research Ethics <\/span><\/span><\/span><\/span><span style=\"font-size:16px;\"><span style=\"font-family:arial,helvetica,sans-serif;\"><span style=\"background-image: initial; background-position: initial; background-size: initial; background-repeat: initial; background-attachment: initial; background-origin: initial; background-clip: initial;\"><o:p><\/o:p><\/span><\/span><\/span><\/p>\n\n<p><span style=\"color:#000000;\"><span style=\"font-size:16px;\"><span style=\"font-family:arial,helvetica,sans-serif;\">jtoward@sfu.ca<span class=\"apple-converted-space\"><span style=\"background-image: initial; background-position: initial; background-size: initial; background-repeat: initial; background-attachment: initial; background-origin: initial; background-clip: initial;\">&nbsp;<\/span><\/span><\/span><\/span><\/span><span style=\"font-size:16px;\"><span style=\"font-family:arial,helvetica,sans-serif;\"><span class=\"apple-converted-space\"><o:p><\/o:p><\/span><\/span><\/span><\/p>\n\n<div>\n<p><span style=\"color:#000000;\"><span style=\"font-size:16px;\"><span style=\"font-family:arial,helvetica,sans-serif;\">778-782-6593<\/span><\/span><\/span><span style=\"font-size:16px;\"><span style=\"font-family:arial,helvetica,sans-serif;\"><o:p><\/o:p><\/span><\/span><\/p>\n<\/div>\n\n<p>&nbsp;<\/p>\n\n<p><span style=\"color:#000000;\"><span style=\"font-size:16px;\"><span style=\"font-family:arial,helvetica,sans-serif;\">Any questions should be directed towards the Principal Investigator and faculty supervisor:<\/span><\/span><\/span><span style=\"font-size:16px;\"><span style=\"font-family:arial,helvetica,sans-serif;\"><o:p><\/o:p><\/span><\/span><\/p>\n\n<p>&nbsp;<\/p>\n\n<p><span style=\"color:#000000;\"><span style=\"font-size:16px;\"><span style=\"font-family:arial,helvetica,sans-serif;\"><o:p>&nbsp;<\/o:p><\/span><\/span><\/span><\/p>\n\n<p><span style=\"color:#000000;\"><span style=\"font-size:16px;\"><span style=\"font-family:arial,helvetica,sans-serif;\">Dylan Wiwad<\/span><\/span><span style=\"font-size:16px;\"><span style=\"font-family:arial,helvetica,sans-serif;\"><o:p><\/o:p><\/span><\/span><\/span><\/p>\n\n<p><span style=\"color:#000000;\"><span style=\"font-size:16px;\"><span style=\"font-family:arial,helvetica,sans-serif;\">Department of Psychology<\/span><\/span><span style=\"font-size:16px;\"><span style=\"font-family:arial,helvetica,sans-serif;\"><o:p><\/o:p><\/span><\/span><\/span><\/p>\n\n<p><span style=\"color:#000000;\"><span style=\"font-size:16px;\"><span style=\"font-family:arial,helvetica,sans-serif;\">Simon Fraser University<\/span><\/span><span style=\"font-size:16px;\"><span style=\"font-family:arial,helvetica,sans-serif;\"><o:p><\/o:p><\/span><\/span><\/span><\/p>\n\n<p><span style=\"color:#000000;\"><span style=\"font-size:16px;\"><span style=\"font-family:arial,helvetica,sans-serif;\">8888 University Drive<\/span><\/span><span style=\"font-size:16px;\"><span style=\"font-family:arial,helvetica,sans-serif;\"><o:p><\/o:p><\/span><\/span><\/span><\/p>\n\n<p><span style=\"color:#000000;\"><span style=\"font-size:16px;\"><span style=\"font-family:arial,helvetica,sans-serif;\">Phone: (778) 782-9838<\/span><\/span><span style=\"font-size:16px;\"><span style=\"font-family:arial,helvetica,sans-serif;\"><o:p><\/o:p><\/span><\/span><\/span><\/p>\n\n<p><span style=\"color:#000000;\"><span style=\"font-size:16px;\"><span style=\"font-family:arial,helvetica,sans-serif;\">Email: dwiwad@sfu.ca<\/span><\/span><span style=\"font-size:16px;\"><span style=\"font-family:arial,helvetica,sans-serif;\"><o:p><\/o:p><\/span><\/span><\/span><\/p>\n\n<p>&nbsp;<\/p>\n\n<p><span style=\"color:#000000;\"><span style=\"font-size:16px;\"><span style=\"font-family:arial,helvetica,sans-serif;\"><o:p>&nbsp;<\/o:p><\/span><\/span><\/span><\/p>\n\n<p><span style=\"color:#000000;\"><span style=\"font-size:16px;\"><span style=\"font-family:arial,helvetica,sans-serif;\">Dr. Lara Aknin<\/span><\/span><span style=\"font-size:16px;\"><span style=\"font-family:arial,helvetica,sans-serif;\"><o:p><\/o:p><\/span><\/span><\/span><\/p>\n\n<p><span style=\"color:#000000;\"><span style=\"font-size:16px;\"><span style=\"font-family:arial,helvetica,sans-serif;\">Department of Psychology<\/span><\/span><span style=\"font-size:16px;\"><span style=\"font-family:arial,helvetica,sans-serif;\"><o:p><\/o:p><\/span><\/span><\/span><\/p>\n\n<p><span style=\"color:#000000;\"><span style=\"font-size:16px;\"><span style=\"font-family:arial,helvetica,sans-serif;\">Simon Fraser University<\/span><\/span><span style=\"font-size:16px;\"><span style=\"font-family:arial,helvetica,sans-serif;\"><o:p><\/o:p><\/span><\/span><\/span><\/p>\n\n<p><span style=\"color:#000000;\"><span style=\"font-size:16px;\"><span style=\"font-family:arial,helvetica,sans-serif;\">8888 University Drive<\/span><\/span><span style=\"font-size:16px;\"><span style=\"font-family:arial,helvetica,sans-serif;\"><o:p><\/o:p><\/span><\/span><\/span><\/p>\n\n<p><span style=\"color:#000000;\"><span style=\"font-size:16px;\"><span style=\"font-family:arial,helvetica,sans-serif;\">Phone: (<span class=\"MsoHyperlink\">778) 782-9563<\/span><\/span><\/span><span style=\"font-size:16px;\"><span style=\"font-family:arial,helvetica,sans-serif;\"><o:p><\/o:p><\/span><\/span><\/span><\/p>\n\n<p><span style=\"color:#000000;\"><span style=\"font-size:16px;\"><span style=\"font-family:arial,helvetica,sans-serif;\">Email: laknin@sfu.ca<\/span><\/span><span style=\"font-size:16px;\"><span style=\"font-family:arial,helvetica,sans-serif;\"><o:p><\/o:p><\/span><\/span><\/span><\/p>\n\n<p>&nbsp;<\/p>\n\n<p><span style=\"color:#000000;\"><span style=\"font-size:16px;\"><span style=\"font-family:arial,helvetica,sans-serif;\">By clicking &ldquo;I agree&rdquo; below, you are consenting to participate, stating you are over 17 years of age, and certify that you have received sufficient information describing the procedures, that you have received an adequate opportunity to consider the information above describing the study, and that you voluntarily agree to participate in the study. <\/span><\/span><span style=\"font-size:16px;\"><span style=\"font-family:arial,helvetica,sans-serif;\"><o:p><\/o:p><\/span><\/span><\/span><\/p>\n\n<p><br \/>\n<span style=\"color:#000000;\"><span style=\"font-size:16px;\"><span style=\"font-family:arial,helvetica,sans-serif;\">I understand that I may withdraw my participation at any time. I may even do so after completing the study by emailing laknin@sfu.ca within 10 days of participation.&nbsp;<\/span><\/span><\/span><\/p>\n\n<p>&nbsp;<\/p>\n\n<p>&nbsp;<\/p>","DataExportTag":"Q17","QuestionType":"MC","Selector":"SAVR","SubSelector":"TX","Configuration":{"QuestionDescriptionOption":"UseText"},"QuestionDescription":"INFORMED CONSENT [2017s0069] Version Date: 02\/10\/17 _____________________________________________...","Choices":{"1":{"Display":"<span style=\"font-size:16px;\"><span style=\"font-family:arial,helvetica,sans-serif;\">I <span style=\"color:#00cc00;\">agree<\/span> to participate<\/span><\/span>"},"2":{"Display":"<span style=\"font-size:16px;\"><span style=\"font-family:arial,helvetica,sans-serif;\">I <span style=\"color:#FF0000;\">do not agree<\/span> to participate<\/span><\/span>"}},"ChoiceOrder":[1,2],"Validation":{"Settings":{"ForceResponse":"ON","ForceResponseType":"ON","Type":"None"}},"Language":[],"QuestionID":"QID17","DataVisibility":{"Private":false,"Hidden":false}}},{"SurveyID":"SV_1L0ob9ZUslGy2jj","Element":"SQ","PrimaryAttribute":"QID28","SecondaryAttribute":"Now we are going to give you the chance to win one of four $25 bonus payments. \u00a0 \u00a0 Here\u2019s how it","TertiaryAttribute":null,"Payload":{"QuestionText":"<div>Now we are going to give you the chance to win one of four $25 bonus payments.<\/div>\n\n<p>&nbsp;<\/p>\n\n<p>&nbsp;<\/p>\n\n<p>Here\u2019s how it works.<\/p>\n\n<p>&nbsp;<\/p>\n\n<p>Each participant in this study is automatically given 10 raffle tickets for the prize.&nbsp; Each ticket is equal to one entry into the raffle.&nbsp; You automatically received 10 tickets that are yours to keep.&nbsp; However, you have the option to donate some of your tickets to a non-profit organization called Fight for $15.<\/p>","DefaultChoices":false,"QuestionType":"DB","Selector":"TB","Configuration":{"QuestionDescriptionOption":"UseText"},"QuestionDescription":"Now we are going to give you the chance to win one of four $25 bonus payments. \u00a0 \u00a0 Here\u2019s how it...","ChoiceOrder":[],"Validation":{"Settings":{"Type":"None"}},"GradingData":[],"Language":[],"QuestionText_Unsafe":"<div>Now we are going to give you the chance to win one of four $25 bonus payments.<\/div>\n\n<p>&nbsp;<\/p>\n\n<p>&nbsp;<\/p>\n\n<p>Here\u2019s how it works.<\/p>\n\n<p>&nbsp;<\/p>\n\n<p>Each participant in this study is automatically given 10 raffle tickets for the prize.&nbsp; Each ticket is equal to one entry into the raffle.&nbsp; You automatically received 10 tickets that are yours to keep.&nbsp; However, you have the option to donate some of your tickets to a non-profit organization called Fight for $15.<\/p>","DataExportTag":"Q28","QuestionID":"QID28"}},{"SurveyID":"SV_1L0ob9ZUslGy2jj","Element":"SQ","PrimaryAttribute":"QID29","SecondaryAttribute":"Now we are going to give you the chance to win one of four $25 bonus payments. \u00a0 \u00a0 Here\u2019s how it","TertiaryAttribute":null,"Payload":{"QuestionText":"<div>Now we are going to give you the chance to win one of four $25 bonus payments.<\/div>\n\n<p>&nbsp;<\/p>\n\n<p>&nbsp;<\/p>\n\n<p>Here\u2019s how it works.<\/p>\n\n<p>&nbsp;<\/p>\n\n<p>Each participant in this study is automatically given 10 raffle tickets for the prize.&nbsp; Each ticket is equal to one entry into the raffle.&nbsp; You automatically received 10 tickets that are yours to keep.&nbsp; However, you have the option to donate some of your tickets to a non-profit organization called Fight for $15.<\/p>\n\n<p>&nbsp;<\/p>\n\n<p><img src=\"https:\/\/ucisoe.qualtrics.com\/CP\/Graphic.php?IM=IM_dd3uPaCudVsUXrf\" style=\"width: 197px; height: 50px;\"><\/p>\n\n<p style=\"font-style: italic;\">&nbsp;<\/p>\n\n<p style=\"font-style: italic;\">Fight for $15 is an advocacy organization that is fighting to reduce economic inequality by raising the minimum wage. The organization stands with minimum wage workers who have shouldered the burden of low pay for far too long.&nbsp;They fight for raising the federal minimum wage from $7.25 an hour to $15 an hour nationwide.<\/p>\n\n<p style=\"font-style: italic;\">&nbsp;<\/p>\n\n<p style=\"\">Fight for $15 does not have any raffle tickets to start with. The organization will get any tickets that you decide to transfer to the them.&nbsp; Thus, it is up to you to determine how to distribute the number of raffle tickets that you and the organization will receive. You may give some of your raffle tickets to Fight for $15 if you wish, and if one of their tickets is selected then they will win the raffle prize. Any tickets that you do not transfer will remain in your name, and if one of your tickets is selected then you will win the raffle prize.&nbsp;<\/p>","DefaultChoices":false,"QuestionType":"DB","Selector":"TB","Configuration":{"QuestionDescriptionOption":"UseText"},"QuestionDescription":"Now we are going to give you the chance to win one of four $25 bonus payments. \u00a0 \u00a0 Here\u2019s how it...","ChoiceOrder":[],"Validation":{"Settings":{"Type":"None"}},"GradingData":[],"Language":[],"DataVisibility":{"Private":false,"Hidden":false},"QuestionText_Unsafe":"<div>Now we are going to give you the chance to win one of four $25 bonus payments.<\/div>\n\n<p>&nbsp;<\/p>\n\n<p>&nbsp;<\/p>\n\n<p>Here\u2019s how it works.<\/p>\n\n<p>&nbsp;<\/p>\n\n<p>Each participant in this study is automatically given 10 raffle tickets for the prize.&nbsp; Each ticket is equal to one entry into the raffle.&nbsp; You automatically received 10 tickets that are yours to keep.&nbsp; However, you have the option to donate some of your tickets to a non-profit organization called Fight for $15.<\/p>\n\n<p>&nbsp;<\/p>\n\n<p><img src=\"https:\/\/ucisoe.qualtrics.com\/CP\/Graphic.php?IM=IM_dd3uPaCudVsUXrf\" style=\"width: 197px; height: 50px;\"><\/p>\n\n<p style=\"font-style: italic;\">&nbsp;<\/p>\n\n<p style=\"font-style: italic;\">Fight for $15 is an advocacy organization that is fighting to reduce economic inequality by raising the minimum wage. The organization stands with minimum wage workers who have shouldered the burden of low pay for far too long.&nbsp;They fight for raising the federal minimum wage from $7.25 an hour to $15 an hour nationwide.<\/p>\n\n<p style=\"font-style: italic;\">&nbsp;<\/p>\n\n<p style=\"\">Fight for $15 does not have any raffle tickets to start with. The organization will get any tickets that you decide to transfer to the them.&nbsp; Thus, it is up to you to determine how to divide up the number of raffle tickets that you and the organization will receive. You may give some of your raffle tickets to Fight for $15 if you wish, and if one of their tickets is selected then they will win the raffle prize. Any tickets that you do not transfer will remain in your name, and if one of your tickets is selected then you will win the raffle prize.&nbsp;<\/p>","DataExportTag":"Q29","QuestionID":"QID29"}},{"SurveyID":"SV_1L0ob9ZUslGy2jj","Element":"SQ","PrimaryAttribute":"QID15","SecondaryAttribute":"Please answer the following questions according to the scale below.","TertiaryAttribute":null,"Payload":{"QuestionText":"<span style=\"font-size:16px;\"><span style=\"font-family:arial,helvetica,sans-serif;\">Please answer the following questions according to the scale below.<\/span><\/span>","DefaultChoices":false,"QuestionType":"Matrix","Selector":"Likert","SubSelector":"SingleAnswer","Configuration":{"QuestionDescriptionOption":"UseText","TextPosition":"inline","ChoiceColumnWidth":25,"RepeatHeaders":"none","WhiteSpace":"OFF","MobileFirst":true},"QuestionDescription":"Please answer the following questions according to the scale below.","Choices":{"1":{"Display":"How much, if anything, <strong>should<\/strong> the government do to reduce poverty?"},"2":{"Display":"How much, if anything, <strong>should<\/strong> the government do to reduce the gap between the rich and everyone else?"},"3":{"Display":"How much do you think government policies and programs <strong>can do<\/strong> to reduce poverty in this country?"},"4":{"Display":"How much do you think government policies and programs <strong>can do<\/strong> to reduce the gap between the rich and everyone else in this country?"}},"ChoiceOrder":[1,2,3,4],"Validation":{"Settings":{"ForceResponse":"RequestResponse","ForceResponseType":"RequestResponse","Type":"None"}},"GradingData":[],"Language":[],"Answers":{"1":{"Display":"Nothing at all"},"2":{"Display":"Not Much"},"3":{"Display":"Some"},"4":{"Display":"A lot"}},"AnswerOrder":[1,2,3,4],"ChoiceDataExportTags":false,"QuestionText_Unsafe":"<span style=\"font-size:16px;\"><span style=\"font-family:arial,helvetica,sans-serif;\">Please answer the following questions according to the scale below.<\/span><\/span>","DataExportTag":"Q15","QuestionID":"QID15"}},{"SurveyID":"SV_1L0ob9ZUslGy2jj","Element":"SQ","PrimaryAttribute":"QID25","SecondaryAttribute":"Please indicate your level of agreement or disagreement on each of the following statements on a...","TertiaryAttribute":null,"Payload":{"QuestionText":"Please indicate your level of agreement or disagreement on each of the following statements on a scale presented below ranging from Strongly Disagree to Strongly agree","DefaultChoices":false,"DataExportTag":"Q25","QuestionType":"Matrix","Selector":"Likert","SubSelector":"SingleAnswer","Configuration":{"QuestionDescriptionOption":"UseText","TextPosition":"inline","ChoiceColumnWidth":25,"RepeatHeaders":"none","WhiteSpace":"OFF","MobileFirst":true},"QuestionDescription":"Please indicate your level of agreement or disagreement on each of the following statements on a...","Choices":{"1":{"Display":"If people work hard they almost always get what they want"},"2":{"Display":"The existence of widespread economic differences does not mean that they are inevitable"},"3":{"Display":"Laws of nature are responsible for differences in wealth in society"},"4":{"Display":"There are many reasons to think that the economic system is unfair"},"5":{"Display":"It is virtually impossible to eliminate poverty"},"6":{"Display":"Poor people are not essentially different from rich people"},"7":{"Display":"Most people who don't get ahead in our society should not blame the system"},"8":{"Display":"Equal distribution of resources is a possibility for our society"},"9":{"Display":"Social class differences reflect differences in the natural order of things"},"10":{"Display":"Economic differences in society reflect an illegitimate distribution of resources"},"11":{"Display":"There will always be poor people, because there will never be enough jobs for everybody"},"12":{"Display":"Economic positions are legitimate reflections of people's achievements"},"13":{"Display":"If people wanted to change the economic system to make things equal, they could"},"14":{"Display":"Equal distribution of resources is unnatural"},"15":{"Display":"It is unfair to have an economic system which produces extreme wealth and extreme poverty at the same time"},"16":{"Display":"There is no point in trying to make incomes more equal"},"17":{"Display":"There are no inherent differences between rich and poor; it is purely a matter of the circumstances into which you are born"}},"ChoiceOrder":["1","2","3","4","5","6","7","8","9","10","11","12","13","14","15","16","17"],"Validation":{"Settings":{"ForceResponse":"RequestResponse","ForceResponseType":"RequestResponse","Type":"None"}},"GradingData":[],"Language":[],"Answers":{"1":{"Display":"Strongly Disagree"},"2":{"Display":"Disagree"},"3":{"Display":"Somewhat Disagree"},"4":{"Display":"Slightly Disagree"},"5":{"Display":"Neither Agree nor Disagree"},"6":{"Display":"Slightly Agree"},"7":{"Display":"Somewhat Agree"},"8":{"Display":"Agree"},"9":{"Display":"Strongly Agree"}},"AnswerOrder":["1","2","3","4","5","6","7","8","9"],"ChoiceDataExportTags":false,"QuestionID":"QID25","DataVisibility":{"Private":false,"Hidden":false}}},{"SurveyID":"SV_1L0ob9ZUslGy2jj","Element":"SQ","PrimaryAttribute":"QID26","SecondaryAttribute":"Please indicate your level of agreement or disagreement on each of the following statements on th...","TertiaryAttribute":null,"Payload":{"QuestionText":"Please indicate your level of agreement or disagreement on each of the following statements on the scale below ranging from Strongly Disagree to Strongly Agree","DefaultChoices":false,"DataExportTag":"Q26","QuestionType":"Matrix","Selector":"Likert","SubSelector":"SingleAnswer","Configuration":{"QuestionDescriptionOption":"UseText","TextPosition":"inline","ChoiceColumnWidth":25,"RepeatHeaders":"none","WhiteSpace":"OFF","MobileFirst":true},"QuestionDescription":"Please indicate your level of agreement or disagreement on each of the following statements on th...","Choices":{"1":{"Display":"Most people spend too much time in unprofitable amusements"},"2":{"Display":"Our society would have fewer problems if people had less leisure time"},"3":{"Display":"Money acquired easily (e.g., through gambling or speculation) is usually spent unwisely"},"4":{"Display":"There are few satisfactions equal to the realization that one has done his best at a job"},"5":{"Display":"The most difficult college courses usually turn out to be the most rewarding"},"6":{"Display":"Most people who don't succeed in life are just lazy"},"7":{"Display":"The self-made man\/woman is likely to be more ethical that the man\/woman born into wealth"},"8":{"Display":"I often feel I would be more successful if I sacrificed certain pleasures"},"9":{"Display":"People should have more leisure time to spend in relaxation"},"10":{"Display":"Any man\/woman who is able and willing to work hard has a good chance of succeeding"},"11":{"Display":"People who fail at a job have usually not tried hard enough"},"12":{"Display":"Life would have very little meaning if we never had to suffer"},"13":{"Display":"Hard work offers little guarantee of success"},"14":{"Display":"The credit card is a ticket to careless spending"},"15":{"Display":"Life would be more meaningful if we have more leisure time"},"16":{"Display":"The man\/woman who can approach an unpleasant task with enthusiasm is the man\/woman who gets ahead"},"17":{"Display":"If one works hard enough he is likely to make a good life for himself"},"18":{"Display":"I feel uneasy when there is little work for me to do"},"19":{"Display":"A distaste for hard work usually reflects a weakness of character"}},"ChoiceOrder":["1","2","3","4","5","6","7","8","9","10","11","12","13","14","15","16","17","18","19"],"Validation":{"Settings":{"ForceResponse":"RequestResponse","ForceResponseType":"RequestResponse","Type":"None"}},"GradingData":[],"Language":[],"Answers":{"1":{"Display":"Strongly Disagree"},"2":{"Display":"Disagree"},"3":{"Display":"Somewhat disagree"},"4":{"Display":"Neither agree nor disagree"},"5":{"Display":"Somewhat agree"},"6":{"Display":"Agree"},"7":{"Display":"Strongly agree"}},"AnswerOrder":["1","2","3","4","5","6","7"],"ChoiceDataExportTags":false,"QuestionID":"QID26","DataVisibility":{"Private":false,"Hidden":false}}},{"SurveyID":"SV_1L0ob9ZUslGy2jj","Element":"SQ","PrimaryAttribute":"QID32","SecondaryAttribute":"Please indicate your level of agreement or disagreement on each of the following statements on th...","TertiaryAttribute":null,"Payload":{"QuestionText":"Please indicate your level of agreement or disagreement on each of the following statements on the scale below ranging from Strongly Disagree to Strongly Agree","DefaultChoices":false,"DataExportTag":"Q32","QuestionType":"Matrix","Selector":"Likert","SubSelector":"SingleAnswer","Configuration":{"QuestionDescriptionOption":"UseText","TextPosition":"inline","ChoiceColumnWidth":25,"RepeatHeaders":"none","WhiteSpace":"OFF","MobileFirst":true},"QuestionDescription":"Please indicate your level of agreement or disagreement on each of the following statements on th...","Choices":{"1":{"Display":"If incomes were more equal, nothing would motivate people to work hard"},"2":{"Display":"Incomes cannot be made more equal since people's abilities and talents are unequal"},"3":{"Display":"Incomes should not be made more equal since the rich invest in the economy, creating jobs and benefits for everyone"},"4":{"Display":"If incomes were more equal, life would be boring because people would all live the same way"},"5":{"Display":"Incomes cannot be made more equal since it's human nature to always want more than others have"},"6":{"Display":"Incomes should not be made more equal since that would keep people from dreaming of someday becoming a real success"},"7":{"Display":"Making incomes more equal means socialism, and that deprives people of individual freedoms"},"8":{"Display":"Please select \"Disagree\" for this question"}},"ChoiceOrder":["1","2","3","4","5","6","7","8"],"Validation":{"Settings":{"ForceResponse":"RequestResponse","ForceResponseType":"RequestResponse","Type":"None"}},"GradingData":[],"Language":[],"Answers":{"1":{"Display":"Strongly Disagree"},"3":{"Display":"Disagree"},"4":{"Display":"Agree"},"5":{"Display":"Strongly Agree"}},"AnswerOrder":["1","3","4","5"],"ChoiceDataExportTags":false,"QuestionID":"QID32","DataVisibility":{"Private":false,"Hidden":false}}},{"SurveyID":"SV_1L0ob9ZUslGy2jj","Element":"SQ","PrimaryAttribute":"QID1","SecondaryAttribute":"Please indicate your level of agreement with the following statements on the scale below","TertiaryAttribute":null,"Payload":{"QuestionText":"Please indicate your level of agreement with the following statements on the scale below","DefaultChoices":false,"DataExportTag":"Q1","QuestionID":"QID1","QuestionType":"Matrix","Selector":"Likert","SubSelector":"SingleAnswer","Configuration":{"QuestionDescriptionOption":"UseText","TextPosition":"inline","ChoiceColumnWidth":25,"RepeatHeaders":"none","WhiteSpace":"OFF","MobileFirst":true},"QuestionDescription":"Please indicate your level of agreement with the following statements on the scale below","Choices":{"1":{"Display":"Economic inequality is causing many of the world\u2019s problems"},"2":{"Display":"I am very disturbed by the amount of economic inequality in the world today"},"4":{"Display":"We need to do everything possible to reduce economic inequality in the world today"},"5":{"Display":"The negative consequences of economic inequality have been largely exaggerated"},"6":{"Display":"Economic inequality is not a problem"}},"ChoiceOrder":[1,2,4,5,6],"Validation":{"Settings":{"ForceResponse":"RequestResponse","ForceResponseType":"RequestResponse","Type":"None"}},"GradingData":[],"Language":[],"Answers":{"1":{"Display":"Strongly Disagree"},"2":{"Display":"Disagree"},"3":{"Display":"Somewhat disagree"},"4":{"Display":"Neither agree nor disagree"},"5":{"Display":"Somewhat agree"},"6":{"Display":"Agree"},"7":{"Display":"Strongly agree"}},"AnswerOrder":["1","2","3","4","5","6","7"],"ChoiceDataExportTags":false,"Randomization":{"Advanced":null,"Type":"All","TotalRandSubset":""},"DataVisibility":{"Private":false,"Hidden":false}}},{"SurveyID":"SV_1L0ob9ZUslGy2jj","Element":"SQ","PrimaryAttribute":"QID2","SecondaryAttribute":"Please indicate your level of agreement with the following statements on the scale below","TertiaryAttribute":null,"Payload":{"QuestionText":"Please indicate your level of agreement with the following statements on the scale below","DefaultChoices":false,"DataExportTag":"Q2","QuestionType":"Matrix","Selector":"Likert","SubSelector":"SingleAnswer","Configuration":{"QuestionDescriptionOption":"UseText","TextPosition":"inline","ChoiceColumnWidth":25,"RepeatHeaders":"none","WhiteSpace":"OFF","MobileFirst":true},"QuestionDescription":"Please indicate your level of agreement with the following statements on the scale below","Choices":{"1":{"Display":"Overall, the world is a fairly equal place"},"2":{"Display":"There is not as much economic inequality in the world as many people believe"},"3":{"Display":"Very few people realize how unequal today\u2019s world is"},"4":{"Display":"Currently, there is an immense amount of economic inequality in the world"}},"ChoiceOrder":[1,2,3,4],"Validation":{"Settings":{"ForceResponse":"RequestResponse","ForceResponseType":"RequestResponse","Type":"None"}},"GradingData":[],"Language":[],"Answers":{"1":{"Display":"Strongly Disagree"},"2":{"Display":"Disagree"},"3":{"Display":"Somewhat disagree"},"4":{"Display":"Neither agree nor disagree"},"5":{"Display":"Somewhat agree"},"6":{"Display":"Agree"},"7":{"Display":"Strongly agree"}},"AnswerOrder":["1","2","3","4","5","6","7"],"ChoiceDataExportTags":false,"QuestionID":"QID2","Randomization":{"Advanced":null,"Type":"All","TotalRandSubset":""}}},{"SurveyID":"SV_1L0ob9ZUslGy2jj","Element":"SQ","PrimaryAttribute":"QID3","SecondaryAttribute":"Please indicate your level of agreement with the following statements on the scale below","TertiaryAttribute":null,"Payload":{"QuestionText":"Please indicate your level of agreement with the following statements on the scale below","DefaultChoices":false,"DataExportTag":"Q3","QuestionType":"Matrix","Selector":"Likert","SubSelector":"SingleAnswer","Configuration":{"QuestionDescriptionOption":"UseText","TextPosition":"inline","ChoiceColumnWidth":25,"RepeatHeaders":"none","WhiteSpace":"OFF","MobileFirst":true},"QuestionDescription":"Please indicate your level of agreement with the following statements on the scale below","Choices":{"1":{"Display":"The current levels of economic inequality in the world are nothing new"},"2":{"Display":"Economic inequality in the world is growing faster than ever before"},"3":{"Display":"The world is becoming a more equal place"},"4":{"Display":"There is more economic inequality in the world today than at any other time in history"}},"ChoiceOrder":[1,2,3,4],"Validation":{"Settings":{"ForceResponse":"RequestResponse","ForceResponseType":"RequestResponse","Type":"None"}},"GradingData":[],"Language":[],"Answers":{"1":{"Display":"Strongly Disagree"},"2":{"Display":"Disagree"},"3":{"Display":"Somewhat disagree"},"4":{"Display":"Neither agree nor disagree"},"5":{"Display":"Somewhat agree"},"6":{"Display":"Agree"},"7":{"Display":"Strongly agree"}},"AnswerOrder":["1","2","3","4","5","6","7"],"ChoiceDataExportTags":false,"QuestionID":"QID3","Randomization":{"Advanced":null,"Type":"All","TotalRandSubset":""}}},{"SurveyID":"SV_1L0ob9ZUslGy2jj","Element":"SQ","PrimaryAttribute":"QID4","SecondaryAttribute":"Please indicate your level of agreement with the following statements on the scale below","TertiaryAttribute":null,"Payload":{"QuestionText":"Please indicate your level of agreement with the following statements on the scale below","DefaultChoices":false,"DataExportTag":"Q4","QuestionType":"Matrix","Selector":"Likert","SubSelector":"SingleAnswer","Configuration":{"QuestionDescriptionOption":"UseText","TextPosition":"inline","ChoiceColumnWidth":25,"RepeatHeaders":"none","WhiteSpace":"OFF","MobileFirst":true},"QuestionDescription":"Please indicate your level of agreement with the following statements on the scale below","Choices":{"1":{"Display":"There is nothing that can be done to reduce the level of economic inequality in the world"},"2":{"Display":"It is impossible to stop economic inequality from increasing"},"3":{"Display":"Some level of economic inequality is unavoidable"},"4":{"Display":"Economic inequality cannot be prevented"},"5":{"Display":"It would be relatively easy to make the world a more equal place"},"6":{"Display":"Nothing can be done to change the current level of economic inequality"},"7":{"Display":"It is possible to reduce the level of economic inequality in the world"}},"ChoiceOrder":[1,2,3,4,5,6,7],"Validation":{"Settings":{"ForceResponse":"RequestResponse","ForceResponseType":"RequestResponse","Type":"None"}},"GradingData":[],"Language":[],"Answers":{"1":{"Display":"Strongly Disagree"},"2":{"Display":"Disagree"},"3":{"Display":"Somewhat disagree"},"4":{"Display":"Neither agree nor disagree"},"5":{"Display":"Somewhat agree"},"6":{"Display":"Agree"},"7":{"Display":"Strongly agree"}},"AnswerOrder":["1","2","3","4","5","6","7"],"ChoiceDataExportTags":false,"QuestionID":"QID4","Randomization":{"Advanced":null,"Type":"All","TotalRandSubset":""}}},{"SurveyID":"SV_1L0ob9ZUslGy2jj","Element":"SQ","PrimaryAttribute":"QID14","SecondaryAttribute":"Please indicate your level of agreement with the following statements on the scale below","TertiaryAttribute":null,"Payload":{"QuestionText":"Please indicate your level of agreement with the following statements on the scale below","DefaultChoices":false,"DataExportTag":"Q14","QuestionID":"QID14","QuestionType":"Matrix","Selector":"Likert","SubSelector":"SingleAnswer","Configuration":{"QuestionDescriptionOption":"UseText","TextPosition":"inline","ChoiceColumnWidth":25,"RepeatHeaders":"none","WhiteSpace":"OFF","MobileFirst":true},"QuestionDescription":"Please indicate your level of agreement with the following statements on the scale below","Choices":{"1":{"Display":"I think that in general there is justice in the world"},"2":{"Display":"Someday I will be compensated for suffered injustices"},"3":{"Display":"By and large, people get what they deserve"},"4":{"Display":"In my life, justice always prevails"},"5":{"Display":"I am usually treated fairly"},"6":{"Display":"Even when confronted with great suffering, it is important to maintain one's belief in compensating justice"},"7":{"Display":"I usually get what I deserve"},"8":{"Display":"Injustices in all areas of life (e.g., professional, family, politics) are the exception rather than the rule"},"9":{"Display":"Even victims of serious injustice can expect things to even out in the long run"},"10":{"Display":"Overall, events in my life are just"},"11":{"Display":"In the long run, people will be compensated for injustices"},"12":{"Display":"People try to be fair when making important decisions"},"13":{"Display":"Even my worst luck will turn out all right in the end"},"14":{"Display":"In my life, injustice is the exception rather than the rule"},"15":{"Display":"Justice always prevails over injustice"},"16":{"Display":"Most of the things that happen in my life are fair"},"17":{"Display":"By and large, I deserve what happens to me"},"18":{"Display":"Important decisions that are made that concern me are usually just"}},"ChoiceOrder":[1,2,3,4,5,6,7,8,9,10,11,12,13,14,15,16,17,18],"Validation":{"Settings":{"ForceResponse":"RequestResponse","ForceResponseType":"RequestResponse","Type":"None"}},"GradingData":[],"Language":[],"Answers":{"1":{"Display":"Strongly disagree"},"2":{"Display":"Disagree"},"3":{"Display":"Neither agree nor disagree"},"4":{"Display":"Agree"},"5":{"Display":"Strongly agree"}},"AnswerOrder":[1,2,3,4,5],"ChoiceDataExportTags":false}},{"SurveyID":"SV_1L0ob9ZUslGy2jj","Element":"SQ","PrimaryAttribute":"QID27","SecondaryAttribute":"Please indicate your views on the issue below. 1 means you completely agree with the statement on...","TertiaryAttribute":null,"Payload":{"QuestionText":"Please indicate your views on the issue below. 1 means you completely agree with the statement on the left and 10 means you completely agree with the statement on the right. If your views fall somewhere in between, you can choose any number in between.","DataExportTag":"Q27","QuestionType":"MC","Selector":"SAHR","SubSelector":"TX","Configuration":{"QuestionDescriptionOption":"UseText","LabelPosition":"BELOW"},"QuestionDescription":"Please indicate your views on the issue below. 1 means you completely agree with the statement on...","Choices":{"1":{"Display":"1 - Incomes should be made more equal"},"2":{"Display":"2"},"3":{"Display":"3"},"4":{"Display":"4"},"5":{"Display":"5"},"6":{"Display":"6"},"7":{"Display":"7"},"8":{"Display":"8"},"9":{"Display":"9"},"10":{"Display":"10 - We need larger income differences as incentives"}},"ChoiceOrder":["1","2","3","4","5","6","7","8","9","10"],"Validation":{"Settings":{"ForceResponse":"RequestResponse","ForceResponseType":"RequestResponse","Type":"None"}},"Language":[],"QuestionID":"QID27","DataVisibility":{"Private":false,"Hidden":false}}},{"SurveyID":"SV_1L0ob9ZUslGy2jj","Element":"SQ","PrimaryAttribute":"QID22","SecondaryAttribute":"Please rate how much you agree with the following 6 statements using the rating scale provided be...","TertiaryAttribute":null,"Payload":{"QuestionText":"Please rate how much you agree with the following 6 statements using the rating scale provided below.","DefaultChoices":false,"DataExportTag":"Q22","QuestionType":"Matrix","Selector":"Likert","SubSelector":"SingleAnswer","Configuration":{"QuestionDescriptionOption":"UseText","TextPosition":"inline","ChoiceColumnWidth":25,"RepeatHeaders":"none","WhiteSpace":"OFF","MobileFirst":true},"QuestionDescription":"Please rate how much you agree with the following 6 statements using the rating scale provided be...","Choices":{"1":{"Display":"I have a hard time reading people's emotions"},"2":{"Display":"I usually understand why people feel the way they do"},"3":{"Display":"It makes me feel good to help someone in need"},"4":{"Display":"I don't worry much about hurting people's feelings"},"5":{"Display":"People who are cheery disgust me"},"6":{"Display":"I like making other people uncomfortable"}},"ChoiceOrder":["1","2","3","4","5","6"],"Validation":{"Settings":{"ForceResponse":"RequestResponse","ForceResponseType":"RequestResponse","Type":"None"}},"GradingData":[],"Language":[],"Answers":{"1":{"Display":"Strongly Disagree"},"2":{"Display":"Disagree"},"3":{"Display":"Neither Agree nor Disagree"},"4":{"Display":"Agree"},"5":{"Display":"Strongly Agree"}},"AnswerOrder":["1","2","3","4","5"],"ChoiceDataExportTags":false,"QuestionID":"QID22"}},{"SurveyID":"SV_1L0ob9ZUslGy2jj","Element":"SQ","PrimaryAttribute":"QID31","SecondaryAttribute":"Please rate how strongly you agree with the following statement, ranging from 1 (Strongly Disagre...","TertiaryAttribute":null,"Payload":{"QuestionText":"Please rate how strongly you agree with the following statement, ranging from 1 (Strongly Disagree) to 7 (Strongly Agree)","DefaultChoices":false,"DataExportTag":"Q31","QuestionType":"Matrix","Selector":"Likert","SubSelector":"SingleAnswer","Configuration":{"QuestionDescriptionOption":"UseText","TextPosition":"inline","ChoiceColumnWidth":25,"RepeatHeaders":"none","WhiteSpace":"OFF","MobileFirst":true},"QuestionDescription":"Please rate how strongly you agree with the following statement, ranging from 1 (Strongly Disagre...","Choices":{"1":{"Display":"Income differences in the United States are too large"}},"ChoiceOrder":["1"],"Validation":{"Settings":{"ForceResponse":"RequestResponse","ForceResponseType":"RequestResponse","Type":"None"}},"GradingData":[],"Language":[],"Answers":{"1":{"Display":"Strongly Disagree"},"2":{"Display":"Disagree"},"3":{"Display":"Somewhat disagree"},"4":{"Display":"Neither agree nor disagree"},"5":{"Display":"Somewhat agree"},"6":{"Display":"Agree"},"7":{"Display":"Strongly agree"}},"AnswerOrder":["1","2","3","4","5","6","7"],"ChoiceDataExportTags":false,"QuestionID":"QID31","DataVisibility":{"Private":false,"Hidden":false}}},{"SurveyID":"SV_1L0ob9ZUslGy2jj","Element":"SQ","PrimaryAttribute":"QID16","SecondaryAttribute":"Please rate what you think about people in poverty on the scale presented below. I think people i...","TertiaryAttribute":null,"Payload":{"QuestionText":"Please rate what you think about people in poverty on the scale presented below.<div><br><\/div><div>I think people in poverty are...<\/div>","DefaultChoices":false,"DataExportTag":"Q16","QuestionType":"Matrix","Selector":"Likert","SubSelector":"SingleAnswer","Configuration":{"QuestionDescriptionOption":"UseText","TextPosition":"inline","ChoiceColumnWidth":25,"RepeatHeaders":"none","WhiteSpace":"OFF","MobileFirst":true},"QuestionDescription":"Please rate what you think about people in poverty on the scale presented below. I think people i...","Choices":{"1":{"Display":"competent"},"2":{"Display":"confident"},"3":{"Display":"independent"},"4":{"Display":"competitive"},"5":{"Display":"intelligent"},"6":{"Display":"tolerant"},"7":{"Display":"warm"},"8":{"Display":"good natured"},"9":{"Display":"sincere"}},"ChoiceOrder":[1,2,3,4,5,6,7,8,9],"Validation":{"Settings":{"ForceResponse":"RequestResponse","ForceResponseType":"RequestResponse","Type":"None"}},"GradingData":[],"Language":[],"Answers":{"1":{"Display":"Not at all"},"2":{"Display":"A little bit"},"3":{"Display":"Somewhat"},"4":{"Display":"Very"},"5":{"Display":"Extremely"}},"AnswerOrder":[1,2,3,4,5],"ChoiceDataExportTags":false,"QuestionID":"QID16","Randomization":{"Advanced":null,"Type":"All","TotalRandSubset":""}}},{"SurveyID":"SV_1L0ob9ZUslGy2jj","Element":"SQ","PrimaryAttribute":"QID20","SecondaryAttribute":"Please rate your agreement with the following five statements below, using the scale provided.","TertiaryAttribute":null,"Payload":{"QuestionText":"Please rate your agreement with the following five statements below, using the scale provided.","DefaultChoices":false,"DataExportTag":"Q20","QuestionID":"QID20","QuestionType":"DB","Selector":"TB","Configuration":{"QuestionDescriptionOption":"UseText"},"QuestionDescription":"Please rate your agreement with the following five statements below, using the scale provided.","ChoiceOrder":[],"Validation":{"Settings":{"Type":"None"}},"GradingData":[],"Language":[]}},{"SurveyID":"SV_1L0ob9ZUslGy2jj","Element":"SQ","PrimaryAttribute":"QID21","SecondaryAttribute":"Please rate your agreement with the following five statements below, using the scale provided.","TertiaryAttribute":null,"Payload":{"QuestionText":"Please rate your agreement with the following five statements below, using the scale provided.","DefaultChoices":false,"DataExportTag":"Q21","QuestionID":"QID21","QuestionType":"Matrix","Selector":"Likert","SubSelector":"SingleAnswer","Configuration":{"QuestionDescriptionOption":"UseText","TextPosition":"inline","ChoiceColumnWidth":25,"RepeatHeaders":"none","WhiteSpace":"OFF","MobileFirst":true},"QuestionDescription":"Please rate your agreement with the following five statements below, using the scale provided.","Choices":{"1":{"Display":"I sometimes feel guilty about how much money I have compared to others"},"2":{"Display":"I have access to more money than I probably deserve"},"3":{"Display":"If I saw or heard about someone who doesn't have as much as I do, I would feel guilty"},"4":{"Display":"When I pass homeless people on the street, I feel bad that I have more money than they do"},"5":{"Display":"I don't feel guilty about the money or material resources I have"}},"ChoiceOrder":["1","2","3","4","5"],"Validation":{"Settings":{"ForceResponse":"RequestResponse","ForceResponseType":"RequestResponse","Type":"None"}},"GradingData":[],"Language":[],"Answers":{"1":{"Display":"Strongly Disagree"},"2":{"Display":"Disagree"},"3":{"Display":"Slightly Disagree"},"4":{"Display":"Neither Agree nor Disagree"},"5":{"Display":"Slightly Agree"},"6":{"Display":"Agree"},"7":{"Display":"Strongly Agree"}},"AnswerOrder":["1","2","3","4","5","6","7"],"ChoiceDataExportTags":false,"Randomization":{"Advanced":null,"Type":"All","TotalRandSubset":""}}},{"SurveyID":"SV_1L0ob9ZUslGy2jj","Element":"SQ","PrimaryAttribute":"QID8","SecondaryAttribute":"What is your ethnicity?","TertiaryAttribute":null,"Payload":{"QuestionText":"What is your ethnicity?","DefaultChoices":false,"QuestionType":"TE","Selector":"SL","Configuration":{"QuestionDescriptionOption":"UseText","InputWidth":220},"QuestionDescription":"What is your ethnicity?","Validation":{"Settings":{"ForceResponse":"RequestResponse","ForceResponseType":"RequestResponse","Type":"None"}},"GradingData":[],"Language":[],"QuestionText_Unsafe":"What is your ethnicity?","DataExportTag":"Q8","QuestionID":"QID8"}},{"SurveyID":"SV_1L0ob9ZUslGy2jj","Element":"SQ","PrimaryAttribute":"QID9","SecondaryAttribute":"What is your household income?","TertiaryAttribute":null,"Payload":{"QuestionText":"What is your household income?","QuestionType":"MC","Selector":"SAVR","SubSelector":"TX","Configuration":{"QuestionDescriptionOption":"UseText"},"QuestionDescription":"What is your household income?","Choices":{"1":{"Display":"Under $20,000"},"2":{"Display":"$20,001 - $29,999"},"3":{"Display":"$30,000 - $39,999"},"4":{"Display":"$40,000 - $49,999"},"5":{"Display":"$50,000 - $59,999"},"6":{"Display":"$60,000 - $69,999"},"7":{"Display":"$70,000 - $79,999"},"8":{"Display":"$80,000 - $89,999"},"9":{"Display":"$90,000 - $99,999"},"10":{"Display":"$100,000 - $109,999"},"11":{"Display":"$110,000 - $119,999"},"12":{"Display":"$120,000 - $129,999"},"13":{"Display":"$130,000 - $139,999"},"14":{"Display":"$140,000 - $149,999"},"15":{"Display":"$150,000+"}},"ChoiceOrder":[1,2,3,4,5,6,7,8,9,10,11,12,13,14,15],"Validation":{"Settings":{"ForceResponse":"RequestResponse","ForceResponseType":"RequestResponse","Type":"None"}},"Language":[],"QuestionText_Unsafe":"What is your household income?","DataExportTag":"Q9","QuestionID":"QID9"}},{"SurveyID":"SV_1L0ob9ZUslGy2jj","Element":"SQ","PrimaryAttribute":"QID10","SecondaryAttribute":"When it comes to politics, do you usually think of yourself as liberal, moderate, conservative, o...","TertiaryAttribute":null,"Payload":{"QuestionText":"When it comes to politics, do you usually think of yourself as liberal, moderate, conservative, or something else?","QuestionType":"MC","Selector":"SAVR","SubSelector":"TX","Configuration":{"QuestionDescriptionOption":"UseText"},"QuestionDescription":"When it comes to politics, do you usually think of yourself as liberal, moderate, conservative, o...","Choices":{"1":{"Display":"Very liberal"},"2":{"Display":"Liberal"},"3":{"Display":"Slightly liberal"},"4":{"Display":"Moderate\/middle-of-the-road"},"5":{"Display":"Slightly Conservative"},"6":{"Display":"Conservative"},"7":{"Display":"Very conservative"},"8":{"Display":"Don't know\/not political"},"9":{"Display":"Other"}},"ChoiceOrder":["1","2","3","4","5","6","7","8","9"],"Validation":{"Settings":{"ForceResponse":"RequestResponse","ForceResponseType":"RequestResponse","Type":"None"}},"Language":[],"QuestionText_Unsafe":"When it comes to politics, do you usually think of yourself as liberal, moderate, conservative, or something else?","DataExportTag":"Q10","QuestionID":"QID10"}},{"SurveyID":"SV_1L0ob9ZUslGy2jj","Element":"SQ","PrimaryAttribute":"QID24","SecondaryAttribute":"Which of the following objects or statements do you have a positive or negative feeling towards?...","TertiaryAttribute":null,"Payload":{"QuestionText":"Which of the following objects or statements do you have a positive or negative feeling towards? For each object or statement, choose the response which represents the degree of your positive or negative feeling.","DefaultChoices":false,"DataExportTag":"Q24","QuestionID":"QID24","QuestionType":"Matrix","Selector":"Likert","SubSelector":"SingleAnswer","Configuration":{"QuestionDescriptionOption":"UseText","TextPosition":"inline","ChoiceColumnWidth":25,"RepeatHeaders":"none","WhiteSpace":"OFF","MobileFirst":true},"QuestionDescription":"Which of the following objects or statements do you have a positive or negative feeling towards?...","Choices":{"1":{"Display":"We should strive to make incomes as equal as possible"},"2":{"Display":"Group equality should be our ideal"},"3":{"Display":"It's OK if some groups have more of a chance in life than others"},"4":{"Display":"To get ahead in life, it is sometimes necessary to step on other groups"},"5":{"Display":"We should do what we can to equalize conditions for different groups"},"6":{"Display":"It's probably a good thing that certain groups are at the top and others are at the bottom"},"7":{"Display":"We would have fewer problems if groups were treated more equally"},"8":{"Display":"It would be good if groups could be equal"},"9":{"Display":"In getting what you want, it is sometimes necessary to use force against other groups"},"10":{"Display":"All groups should be given an equal chance in life"},"11":{"Display":"If certain groups stayed in their place, we would have fewer problems"},"12":{"Display":"We should strive for increased social equality"},"13":{"Display":"Sometimes other groups must be kept in their place"},"14":{"Display":"Some groups of people are simply inferior to other groups"},"15":{"Display":"No one group should dominate in society"}},"ChoiceOrder":["1","2","3","4","5","6","7","8","9","10","11","12","13","14","15"],"Validation":{"Settings":{"ForceResponse":"RequestResponse","ForceResponseType":"RequestResponse","Type":"None"}},"GradingData":[],"Language":[],"Answers":{"1":{"Display":"Extremely Negative"},"2":{"Display":"Somewhat Negative"},"3":{"Display":"Slightly Negative"},"4":{"Display":"Neutral"},"5":{"Display":"Slightly Positive"},"6":{"Display":"Somewhat Positive"},"7":{"Display":"Extremely Positive"}},"AnswerOrder":["1","2","3","4","5","6","7"],"ChoiceDataExportTags":false,"DataVisibility":{"Private":false,"Hidden":false}}},{"SurveyID":"SV_1L0ob9ZUslGy2jj","Element":"SQ","PrimaryAttribute":"QID13","SecondaryAttribute":"Would you most closely identify as a:","TertiaryAttribute":null,"Payload":{"QuestionText":"Would you most closely identify as a:","QuestionType":"MC","Selector":"SAVR","SubSelector":"TX","Configuration":{"QuestionDescriptionOption":"UseText"},"QuestionDescription":"Would you most closely identify as a:","Choices":{"1":{"Display":"Democrat"},"2":{"Display":"Independent"},"3":{"Display":"Republican"},"4":{"Display":"Other"}},"ChoiceOrder":["1","2","3","4"],"Validation":{"Settings":{"ForceResponse":"RequestResponse","ForceResponseType":"RequestResponse","Type":"None"}},"Language":[],"QuestionText_Unsafe":"Would you most closely identify as a:","DataExportTag":"Q13","QuestionID":"QID13"}},{"SurveyID":"SV_1L0ob9ZUslGy2jj","Element":"SQ","PrimaryAttribute":"QID19","SecondaryAttribute":"You're done!\u00a0 Your completion code is ${rand:\/\/int\/1000:10000}\u00a0 Please enter this on the HIT page.","TertiaryAttribute":null,"Payload":{"QuestionText":"<strong>You're done!&nbsp; Your completion code is <span style=\"background-color:#FFFF00;\">${rand:\/\/int\/1000:10000}&nbsp;<\/span><\/strong><div><strong><br><\/strong><\/div><div><strong>Please enter this on the HIT page and here:<\/strong><\/div>","DefaultChoices":false,"DataExportTag":"Q20","QuestionType":"TE","Selector":"SL","Configuration":{"QuestionDescriptionOption":"UseText","InputWidth":130},"QuestionDescription":"You're done!\u00a0 Your completion code is ${rand:\/\/int\/1000:10000}\u00a0 Please enter this on the HIT page...","Validation":{"Settings":{"ForceResponse":"OFF","ForceResponseType":"ON","Type":"None"}},"GradingData":[],"Language":[],"QuestionID":"QID19","DataVisibility":{"Private":false,"Hidden":false}}}]}