{"SurveyEntry":{"SurveyID":"SV_8vkdnwe3BewXqx7","SurveyName":"Scale Development Study 1","SurveyDescription":null,"SurveyOwnerID":"UR_ac2eXC2BVTVcUHH","SurveyBrandID":"sfufas","DivisionID":null,"SurveyLanguage":"EN","SurveyActiveResponseSet":"RS_0V7AMR5aqOGuud7","SurveyStatus":"Inactive","SurveyStartDate":"0000-00-00 00:00:00","SurveyExpirationDate":"0000-00-00 00:00:00","SurveyCreationDate":"2017-11-02 17:27:07","CreatorID":"UR_ac2eXC2BVTVcUHH","LastModified":"2017-11-02 17:35:49","LastAccessed":"0000-00-00 00:00:00","LastActivated":"0000-00-00 00:00:00","Deleted":null},"SurveyElements":[{"SurveyID":"SV_8vkdnwe3BewXqx7","Element":"BL","PrimaryAttribute":"Survey Blocks","SecondaryAttribute":null,"TertiaryAttribute":null,"Payload":[{"Type":"Default","Description":"Default Question Block","ID":"BL_2aFWYzmlPl2OSPP","BlockElements":[{"Type":"Question","QuestionID":"QID1"},{"Type":"Page Break"}]},{"Type":"Trash","Description":"Trash \/ Unused Questions","ID":"BL_8AFkeXO4K87WrBj","BlockElements":[{"Type":"Question","QuestionID":"QID4"},{"Type":"Question","QuestionID":"QID5"}]},{"Type":"Standard","SubType":"","Description":"Demographics","ID":"BL_be0lHZ5HXDuREyx","BlockElements":[{"Type":"Question","QuestionID":"QID2"},{"Type":"Question","QuestionID":"QID3"},{"Type":"Page Break"},{"Type":"Question","QuestionID":"QID6"},{"Type":"Question","QuestionID":"QID7"},{"Type":"Question","QuestionID":"QID8"},{"Type":"Question","QuestionID":"QID9"}]}]},{"SurveyID":"SV_8vkdnwe3BewXqx7","Element":"FL","PrimaryAttribute":"Survey Flow","SecondaryAttribute":null,"TertiaryAttribute":null,"Payload":{"Type":"Root","FlowID":"FL_1","Flow":[{"Type":"Block","ID":"BL_2aFWYzmlPl2OSPP","FlowID":"FL_2"},{"Type":"Standard","ID":"BL_be0lHZ5HXDuREyx","FlowID":"FL_3"}],"Properties":{"Count":3}}},{"SurveyID":"SV_8vkdnwe3BewXqx7","Element":"SO","PrimaryAttribute":"Survey Options","SecondaryAttribute":null,"TertiaryAttribute":null,"Payload":{"BackButton":"false","SaveAndContinue":"true","SurveyProtection":"PublicSurvey","BallotBoxStuffingPrevention":"false","NoIndex":"Yes","SecureResponseFiles":"true","SurveyExpiration":"None","SurveyTermination":"DefaultMessage","Header":"","Footer":"","ProgressBarDisplay":"None","PartialData":"+1 week","ValidationMessage":"","PreviousButton":" &larr; ","NextButton":" &rarr; ","SkinLibrary":"Qualtrics","SkinType":"MQ","Skin":"v4qualtrics1","NewScoring":1}},{"SurveyID":"SV_8vkdnwe3BewXqx7","Element":"SCO","PrimaryAttribute":"Scoring","SecondaryAttribute":null,"TertiaryAttribute":null,"Payload":{"ScoringCategories":[],"ScoringCategoryGroups":[],"ScoringSummaryCategory":null,"ScoringSummaryAfterQuestions":0,"ScoringSummaryAfterSurvey":0,"DefaultScoringCategory":null,"AutoScoringCategory":null}},{"SurveyID":"SV_8vkdnwe3BewXqx7","Element":"STAT","PrimaryAttribute":"Survey Statistics","SecondaryAttribute":null,"TertiaryAttribute":null,"Payload":{"MobileCompatible":false,"ID":"Survey Statistics"}},{"SurveyID":"SV_8vkdnwe3BewXqx7","Element":"QC","PrimaryAttribute":"Survey Question Count","SecondaryAttribute":"9","TertiaryAttribute":null,"Payload":null},{"SurveyID":"SV_8vkdnwe3BewXqx7","Element":"SQ","PrimaryAttribute":"QID2","SecondaryAttribute":"Are you:","TertiaryAttribute":null,"Payload":{"QuestionText":"Are you:","QuestionType":"MC","Selector":"SAVR","SubSelector":"TX","Configuration":{"QuestionDescriptionOption":"UseText"},"QuestionDescription":"Are you:","Choices":{"1":{"Display":"Male"},"2":{"Display":"Female"},"3":{"Display":"Other"},"4":{"Display":"Prefer not to say"}},"ChoiceOrder":[1,2,3,"4"],"Validation":{"Settings":{"ForceResponse":"OFF","ForceResponseType":"ON","Type":"None"}},"Language":[],"QuestionText_Unsafe":"Are you:","DataExportTag":"Q2","QuestionID":"QID2"}},{"SurveyID":"SV_8vkdnwe3BewXqx7","Element":"RS","PrimaryAttribute":"RS_0V7AMR5aqOGuud7","SecondaryAttribute":"Default Response Set","TertiaryAttribute":null,"Payload":null},{"SurveyID":"SV_8vkdnwe3BewXqx7","Element":"SQ","PrimaryAttribute":"QID3","SecondaryAttribute":"How old are you?","TertiaryAttribute":null,"Payload":{"QuestionText":"How old are you?","DefaultChoices":false,"QuestionType":"TE","Selector":"SL","Configuration":{"QuestionDescriptionOption":"UseText","InputWidth":60},"QuestionDescription":"How old are you?","Validation":{"Settings":{"ForceResponse":"OFF","ForceResponseType":"ON","Type":"None"}},"GradingData":[],"Language":[],"QuestionText_Unsafe":"How old are you?","DataExportTag":"Q3","QuestionID":"QID3"}},{"SurveyID":"SV_8vkdnwe3BewXqx7","Element":"SQ","PrimaryAttribute":"QID8","SecondaryAttribute":"In general, how liberal (left-wing) or conservative (right-wing) are you on economic issues?","TertiaryAttribute":null,"Payload":{"QuestionText":"In general, how liberal (left-wing) or conservative (right-wing) are you on <b>economic issues<\/b>?","QuestionType":"MC","Selector":"SAVR","SubSelector":"TX","Configuration":{"QuestionDescriptionOption":"UseText"},"QuestionDescription":"In general, how liberal (left-wing) or conservative (right-wing) are you on economic issues?","Choices":{"1":{"Display":"Very liberal"},"2":{"Display":"Liberal"},"3":{"Display":"Slightly liberal"},"4":{"Display":"Moderate\/middle-of-the-road"},"5":{"Display":"Slightly Conservative"},"6":{"Display":"Conservative"},"7":{"Display":"Very conservative"},"8":{"Display":"Don't know\/not political"},"9":{"Display":"Other"}},"ChoiceOrder":["1","2","3","4","5","6","7","8","9"],"Validation":{"Settings":{"ForceResponse":"OFF","ForceResponseType":"ON","Type":"None"}},"Language":[],"QuestionText_Unsafe":"In general, how liberal (left-wing) or conservative (right-wing) are you on <b>economic issues<\/b>?","DataExportTag":"Q8","QuestionID":"QID8"}},{"SurveyID":"SV_8vkdnwe3BewXqx7","Element":"SQ","PrimaryAttribute":"QID7","SecondaryAttribute":"In general, how liberal (left-wing) or conservative (right-wing) are you on social issues?","TertiaryAttribute":null,"Payload":{"QuestionText":"In general, how liberal (left-wing) or conservative (right-wing) are you on <b>social issues<\/b>?","QuestionType":"MC","Selector":"SAVR","SubSelector":"TX","Configuration":{"QuestionDescriptionOption":"UseText"},"QuestionDescription":"In general, how liberal (left-wing) or conservative (right-wing) are you on social issues?","Choices":{"1":{"Display":"Very liberal"},"2":{"Display":"Liberal"},"3":{"Display":"Slightly liberal"},"4":{"Display":"Moderate\/middle-of-the-road"},"5":{"Display":"Slightly Conservative"},"6":{"Display":"Conservative"},"7":{"Display":"Very conservative"},"8":{"Display":"Don't know\/not political"},"9":{"Display":"Other"}},"ChoiceOrder":["1","2","3","4","5","6","7","8","9"],"Validation":{"Settings":{"ForceResponse":"OFF","ForceResponseType":"ON","Type":"None"}},"Language":[],"QuestionText_Unsafe":"In general, how liberal (left-wing) or conservative (right-wing) are you on <b>social issues<\/b>?","DataExportTag":"Q7","QuestionID":"QID7"}},{"SurveyID":"SV_8vkdnwe3BewXqx7","Element":"SQ","PrimaryAttribute":"QID1","SecondaryAttribute":"Please indicate your level of agreement with each of the following statements on the scale below","TertiaryAttribute":null,"Payload":{"QuestionText":"Please indicate your level of agreement with each of the following statements on the scale below","DefaultChoices":false,"DataExportTag":"Q1","QuestionType":"Matrix","Selector":"Likert","SubSelector":"SingleAnswer","Configuration":{"QuestionDescriptionOption":"UseText","TextPosition":"inline","ChoiceColumnWidth":25,"RepeatHeaders":"none","WhiteSpace":"OFF","MobileFirst":true},"QuestionDescription":"Please indicate your level of agreement with each of the following statements on the scale below","Choices":{"1":{"Display":"Economic inequality is one of the biggest problems in today's world."},"2":{"Display":"Economic inequality is not a big problem in the world"},"3":{"Display":"The negative consequences of economic inequality have been largely exaggerated"},"4":{"Display":"Economic inequality is mostly caused by different levels of individual effort"},"5":{"Display":"Economic inequality is causing many of the world\u2019s problems."},"6":{"Display":"Economic inequality is inherently unfair"},"7":{"Display":"I am not bothered by the current level of economic inequality in the world"},"8":{"Display":"I am very disturbed by the amount of economic inequality in the world today"},"9":{"Display":"There are much bigger problems in the world than economic inequality"},"10":{"Display":"Economic inequality is not a problem"},"11":{"Display":"There are some positive benefits that result from economic inequality"},"12":{"Display":"Overall, economic inequality is good for the world"},"13":{"Display":"I wish there was more economic inequality in the world"},"14":{"Display":"Economic inequality is fair"},"15":{"Display":"I am very concerned about the current level of economic inequality in the world"},"16":{"Display":"If I could, I would make the world a more equal place"},"17":{"Display":"Economic inequality does not lead to anything good"},"18":{"Display":"We need to do everything possible to reduce economic inequality in the world today"}},"ChoiceOrder":[1,2,3,4,5,6,7,8,9,10,11,12,13,14,15,16,17,18],"Validation":{"Settings":{"ForceResponse":"OFF","ForceResponseType":"ON","Type":"None"}},"GradingData":[],"Language":[],"Answers":{"1":{"Display":"Strongly Disagree"},"2":{"Display":"Disagree"},"3":{"Display":"Somewhat disagree"},"4":{"Display":"Neither agree nor disagree"},"5":{"Display":"Somewhat agree"},"6":{"Display":"Agree"},"7":{"Display":"Strongly agree"}},"AnswerOrder":[1,2,3,4,5,6,7],"ChoiceDataExportTags":false,"QuestionID":"QID1"}},{"SurveyID":"SV_8vkdnwe3BewXqx7","Element":"SQ","PrimaryAttribute":"QID4","SecondaryAttribute":"What is your ethnicity?","TertiaryAttribute":null,"Payload":{"QuestionText":"What is your ethnicity?","DefaultChoices":false,"QuestionType":"TE","Selector":"SL","Configuration":{"QuestionDescriptionOption":"UseText","InputWidth":220},"QuestionDescription":"What is your ethnicity?","Validation":{"Settings":{"ForceResponse":"OFF","ForceResponseType":"ON","Type":"None"}},"GradingData":[],"Language":[],"QuestionText_Unsafe":"What is your ethnicity?","DataExportTag":"Q4","QuestionID":"QID4","PrivateData":false}},{"SurveyID":"SV_8vkdnwe3BewXqx7","Element":"SQ","PrimaryAttribute":"QID5","SecondaryAttribute":"What is your household income?","TertiaryAttribute":null,"Payload":{"QuestionText":"What is your household income?","QuestionType":"MC","Selector":"SAVR","SubSelector":"TX","Configuration":{"QuestionDescriptionOption":"UseText"},"QuestionDescription":"What is your household income?","Choices":{"1":{"Display":"Under $20,000"},"2":{"Display":"$20,001 - $29,999"},"3":{"Display":"$30,000 - $39,999"},"4":{"Display":"$40,000 - $49,999"},"5":{"Display":"$50,000 - $59,999"},"6":{"Display":"$60,000 - $69,999"},"7":{"Display":"$70,000 - $79,999"},"8":{"Display":"$80,000 - $89,999"},"9":{"Display":"$90,000 - $99,999"},"10":{"Display":"$100,000 - $109,999"},"11":{"Display":"$110,000 - $119,999"},"12":{"Display":"$120,000 - $129,999"},"13":{"Display":"$130,000 - $139,999"},"14":{"Display":"$140,000 - $149,999"},"15":{"Display":"$150,000+"}},"ChoiceOrder":[1,2,3,4,5,6,7,8,9,10,11,12,13,14,15],"Validation":{"Settings":{"ForceResponse":"OFF","ForceResponseType":"ON","Type":"None"}},"Language":[],"QuestionText_Unsafe":"What is your household income?","DataExportTag":"Q5","QuestionID":"QID5"}},{"SurveyID":"SV_8vkdnwe3BewXqx7","Element":"SQ","PrimaryAttribute":"QID6","SecondaryAttribute":"When it comes to politics, do you usually think of yourself as liberal, moderate, conservative, o...","TertiaryAttribute":null,"Payload":{"QuestionText":"When it comes to politics, do you usually think of yourself as liberal, moderate, conservative, or something else?","QuestionType":"MC","Selector":"SAVR","SubSelector":"TX","Configuration":{"QuestionDescriptionOption":"UseText"},"QuestionDescription":"When it comes to politics, do you usually think of yourself as liberal, moderate, conservative, o...","Choices":{"1":{"Display":"Very liberal"},"2":{"Display":"Liberal"},"3":{"Display":"Slightly liberal"},"4":{"Display":"Moderate\/middle-of-the-road"},"5":{"Display":"Slightly Conservative"},"6":{"Display":"Conservative"},"7":{"Display":"Very conservative"},"8":{"Display":"Don't know\/not political"},"9":{"Display":"Other"}},"ChoiceOrder":["1","2","3","4","5","6","7","8","9"],"Validation":{"Settings":{"ForceResponse":"OFF","ForceResponseType":"ON","Type":"None"}},"Language":[],"QuestionText_Unsafe":"When it comes to politics, do you usually think of yourself as liberal, moderate, conservative, or something else?","DataExportTag":"Q6","QuestionID":"QID6"}},{"SurveyID":"SV_8vkdnwe3BewXqx7","Element":"SQ","PrimaryAttribute":"QID9","SecondaryAttribute":"Would you most closely identify as a:","TertiaryAttribute":null,"Payload":{"QuestionText":"Would you most closely identify as a:","QuestionType":"MC","Selector":"SAVR","SubSelector":"TX","Configuration":{"QuestionDescriptionOption":"UseText"},"QuestionDescription":"Would you most closely identify as a:","Choices":{"1":{"Display":"Democrat"},"2":{"Display":"Independent"},"3":{"Display":"Republican"},"4":{"Display":"Other"}},"ChoiceOrder":["1","2","3","4"],"Validation":{"Settings":{"ForceResponse":"OFF","ForceResponseType":"ON","Type":"None"}},"Language":[],"QuestionText_Unsafe":"Would you most closely identify as a:","DataExportTag":"Q9","QuestionID":"QID9"}}]}